
Microsoft Visual Studio Solution File, Format Version 10.00
# Visual Studio 2008
Project("{FAE04EC0-301F-11D3-BF4B-00C04F79EFBC}") = "Polaris.Bal", "Polaris.Bal\Polaris.Bal.csproj", "{03EC8B09-0B43-47A1-A5D6-1044BDC824ED}"
EndProject
Project("{FAE04EC0-301F-11D3-BF4B-00C04F79EFBC}") = "Polaris.Dal", "Polaris.Dal\Polaris.Dal.csproj", "{FDFCB721-DA95-44A1-AC89-F39C11BE311E}"
EndProject
Project("{FAE04EC0-301F-11D3-BF4B-00C04F79EFBC}") = "Polaris.Cal", "Polaris.Cal\Polaris.Cal.csproj", "{AF619B9E-5908-47FC-9B8C-1C82E59EA14D}"
EndProject
Project("{FAE04EC0-301F-11D3-BF4B-00C04F79EFBC}") = "Polaris.Pal", "Polaris.Pal\Polaris.Pal.csproj", "{3E3ED42B-34EA-4B58-A858-BC06F445C58F}"
EndProject
Project("{FAE04EC0-301F-11D3-BF4B-00C04F79EFBC}") = "Polaris.Tal", "Polaris.Tal\Polaris.Tal.csproj", "{79629DBA-3F1C-4689-A720-B75A5B9E4626}"
EndProject
Global
	GlobalSection(TeamFoundationVersionControl) = preSolution
		SccNumberOfProjects = 6
		SccEnterpriseProvider = {4CA58AB2-18FA-4F8D-95D4-32DDF27D184C}
		SccTeamFoundationServer = https://tfs04.codeplex.com/
		SccLocalPath0 = .
		SccProjectUniqueName1 = Polaris.Bal\\Polaris.Bal.csproj
		SccProjectName1 = Polaris.Bal
		SccLocalPath1 = Polaris.Bal
		SccProjectUniqueName2 = Polaris.Cal\\Polaris.Cal.csproj
		SccProjectName2 = Polaris.Cal
		SccLocalPath2 = Polaris.Cal
		SccProjectUniqueName3 = Polaris.Dal\\Polaris.Dal.csproj
		SccProjectName3 = Polaris.Dal
		SccLocalPath3 = Polaris.Dal
		SccProjectUniqueName4 = Polaris.Pal\\Polaris.Pal.csproj
		SccProjectName4 = Polaris.Pal
		SccLocalPath4 = Polaris.Pal
		SccProjectUniqueName5 = Polaris.Tal\\Polaris.Tal.csproj
		SccProjectName5 = Polaris.Tal
		SccLocalPath5 = Polaris.Tal
	EndGlobalSection
	GlobalSection(SolutionConfigurationPlatforms) = preSolution
		Debug|Any CPU = Debug|Any CPU
		Release|Any CPU = Release|Any CPU
	EndGlobalSection
	GlobalSection(ProjectConfigurationPlatforms) = postSolution
		{03EC8B09-0B43-47A1-A5D6-1044BDC824ED}.Debug|Any CPU.ActiveCfg = Debug|Any CPU
		{03EC8B09-0B43-47A1-A5D6-1044BDC824ED}.Debug|Any CPU.Build.0 = Debug|Any CPU
		{03EC8B09-0B43-47A1-A5D6-1044BDC824ED}.Release|Any CPU.ActiveCfg = Release|Any CPU
		{03EC8B09-0B43-47A1-A5D6-1044BDC824ED}.Release|Any CPU.Build.0 = Release|Any CPU
		{FDFCB721-DA95-44A1-AC89-F39C11BE311E}.Debug|Any CPU.ActiveCfg = Debug|Any CPU
		{FDFCB721-DA95-44A1-AC89-F39C11BE311E}.Debug|Any CPU.Build.0 = Debug|Any CPU
		{FDFCB721-DA95-44A1-AC89-F39C11BE311E}.Release|Any CPU.ActiveCfg = Release|Any CPU
		{FDFCB721-DA95-44A1-AC89-F39C11BE311E}.Release|Any CPU.Build.0 = Release|Any CPU
		{AF619B9E-5908-47FC-9B8C-1C82E59EA14D}.Debug|Any CPU.ActiveCfg = Debug|Any CPU
		{AF619B9E-5908-47FC-9B8C-1C82E59EA14D}.Debug|Any CPU.Build.0 = Debug|Any CPU
		{AF619B9E-5908-47FC-9B8C-1C82E59EA14D}.Release|Any CPU.ActiveCfg = Release|Any CPU
		{AF619B9E-5908-47FC-9B8C-1C82E59EA14D}.Release|Any CPU.Build.0 = Release|Any CPU
		{3E3ED42B-34EA-4B58-A858-BC06F445C58F}.Debug|Any CPU.ActiveCfg = Debug|Any CPU
		{3E3ED42B-34EA-4B58-A858-BC06F445C58F}.Debug|Any CPU.Build.0 = Debug|Any CPU
		{3E3ED42B-34EA-4B58-A858-BC06F445C58F}.Release|Any CPU.ActiveCfg = Release|Any CPU
		{3E3ED42B-34EA-4B58-A858-BC06F445C58F}.Release|Any CPU.Build.0 = Release|Any CPU
		{79629DBA-3F1C-4689-A720-B75A5B9E4626}.Debug|Any CPU.ActiveCfg = Debug|Any CPU
		{79629DBA-3F1C-4689-A720-B75A5B9E4626}.Debug|Any CPU.Build.0 = Debug|Any CPU
		{79629DBA-3F1C-4689-A720-B75A5B9E4626}.Release|Any CPU.ActiveCfg = Release|Any CPU
		{79629DBA-3F1C-4689-A720-B75A5B9E4626}.Release|Any CPU.Build.0 = Release|Any CPU
	EndGlobalSection
	GlobalSection(SolutionProperties) = preSolution
		HideSolutionNode = FALSE
	EndGlobalSection
EndGlobal
