
Microsoft Visual Studio Solution File, Format Version 10.00
# Visual Studio 2008
Project("{FAE04EC0-301F-11D3-BF4B-00C04F79EFBC}") = "Polaris.Bal", "Polaris.Bal\Polaris.Bal.csproj", "{03EC8B09-0B43-47A1-A5D6-1044BDC824ED}"
EndProject
Project("{FAE04EC0-301F-11D3-BF4B-00C04F79EFBC}") = "Polaris.Dal", "Polaris.Dal\Polaris.Dal.csproj", "{FDFCB721-DA95-44A1-AC89-F39C11BE311E}"
EndProject
Project("{FAE04EC0-301F-11D3-BF4B-00C04F79EFBC}") = "Polaris.Pal", "Polaris.Pal\Polaris.Pal.csproj", "{3E3ED42B-34EA-4B58-A858-BC06F445C58F}"
EndProject
Project("{FAE04EC0-301F-11D3-BF4B-00C04F79EFBC}") = "Polaris.Tal", "..\Tests\Polaris.Tal\Polaris.Tal.csproj", "{79629DBA-3F1C-4689-A720-B75A5B9E4626}"
EndProject
Project("{FAE04EC0-301F-11D3-BF4B-00C04F79EFBC}") = "Polaris.Cms", "Polaris.Cms\Polaris.Cms.csproj", "{66D69190-00CF-457E-9CFD-6C3165194F53}"
EndProject
Project("{FAE04EC0-301F-11D3-BF4B-00C04F79EFBC}") = "Polaris.Cal", "Polaris.Cal\Polaris.Cal.csproj", "{95FD45CA-A3A4-4264-8992-B8E5D3025C71}"
EndProject
Project("{2150E333-8FDC-42A3-9474-1A3956D46DE8}") = "SolutionItems", "SolutionItems", "{4ED7D494-702D-4A16-8E6F-A8B0887D1778}"
EndProject
Project("{2150E333-8FDC-42A3-9474-1A3956D46DE8}") = "EnterpriseLibraries", "EnterpriseLibraries", "{14CA4766-F653-4B95-9B76-B4ECD4C8AF39}"
	ProjectSection(SolutionItems) = preProject
		SolutionItems\EnterpriseLibraries\Microsoft.Practices.EnterpriseLibrary.AppSettings.Configuration.Design.dll = SolutionItems\EnterpriseLibraries\Microsoft.Practices.EnterpriseLibrary.AppSettings.Configuration.Design.dll
		SolutionItems\EnterpriseLibraries\Microsoft.Practices.EnterpriseLibrary.AppSettings.Configuration.Design.xml = SolutionItems\EnterpriseLibraries\Microsoft.Practices.EnterpriseLibrary.AppSettings.Configuration.Design.xml
		SolutionItems\EnterpriseLibraries\Microsoft.Practices.EnterpriseLibrary.Caching.Configuration.Design.dll = SolutionItems\EnterpriseLibraries\Microsoft.Practices.EnterpriseLibrary.Caching.Configuration.Design.dll
		SolutionItems\EnterpriseLibraries\Microsoft.Practices.EnterpriseLibrary.Caching.Configuration.Design.xml = SolutionItems\EnterpriseLibraries\Microsoft.Practices.EnterpriseLibrary.Caching.Configuration.Design.xml
		SolutionItems\EnterpriseLibraries\Microsoft.Practices.EnterpriseLibrary.Caching.Cryptography.Configuration.Design.dll = SolutionItems\EnterpriseLibraries\Microsoft.Practices.EnterpriseLibrary.Caching.Cryptography.Configuration.Design.dll
		SolutionItems\EnterpriseLibraries\Microsoft.Practices.EnterpriseLibrary.Caching.Cryptography.Configuration.Design.xml = SolutionItems\EnterpriseLibraries\Microsoft.Practices.EnterpriseLibrary.Caching.Cryptography.Configuration.Design.xml
		SolutionItems\EnterpriseLibraries\Microsoft.Practices.EnterpriseLibrary.Caching.Cryptography.dll = SolutionItems\EnterpriseLibraries\Microsoft.Practices.EnterpriseLibrary.Caching.Cryptography.dll
		SolutionItems\EnterpriseLibraries\Microsoft.Practices.EnterpriseLibrary.Caching.Cryptography.xml = SolutionItems\EnterpriseLibraries\Microsoft.Practices.EnterpriseLibrary.Caching.Cryptography.xml
		SolutionItems\EnterpriseLibraries\Microsoft.Practices.EnterpriseLibrary.Caching.Database.Configuration.Design.dll = SolutionItems\EnterpriseLibraries\Microsoft.Practices.EnterpriseLibrary.Caching.Database.Configuration.Design.dll
		SolutionItems\EnterpriseLibraries\Microsoft.Practices.EnterpriseLibrary.Caching.Database.Configuration.Design.xml = SolutionItems\EnterpriseLibraries\Microsoft.Practices.EnterpriseLibrary.Caching.Database.Configuration.Design.xml
		SolutionItems\EnterpriseLibraries\Microsoft.Practices.EnterpriseLibrary.Caching.Database.dll = SolutionItems\EnterpriseLibraries\Microsoft.Practices.EnterpriseLibrary.Caching.Database.dll
		SolutionItems\EnterpriseLibraries\Microsoft.Practices.EnterpriseLibrary.Caching.Database.xml = SolutionItems\EnterpriseLibraries\Microsoft.Practices.EnterpriseLibrary.Caching.Database.xml
		SolutionItems\EnterpriseLibraries\Microsoft.Practices.EnterpriseLibrary.Caching.dll = SolutionItems\EnterpriseLibraries\Microsoft.Practices.EnterpriseLibrary.Caching.dll
		SolutionItems\EnterpriseLibraries\Microsoft.Practices.EnterpriseLibrary.Caching.xml = SolutionItems\EnterpriseLibraries\Microsoft.Practices.EnterpriseLibrary.Caching.xml
		SolutionItems\EnterpriseLibraries\Microsoft.Practices.EnterpriseLibrary.Common.dll = SolutionItems\EnterpriseLibraries\Microsoft.Practices.EnterpriseLibrary.Common.dll
		SolutionItems\EnterpriseLibraries\Microsoft.Practices.EnterpriseLibrary.Common.xml = SolutionItems\EnterpriseLibraries\Microsoft.Practices.EnterpriseLibrary.Common.xml
		SolutionItems\EnterpriseLibraries\Microsoft.Practices.EnterpriseLibrary.Configuration.Design.dll = SolutionItems\EnterpriseLibraries\Microsoft.Practices.EnterpriseLibrary.Configuration.Design.dll
		SolutionItems\EnterpriseLibraries\Microsoft.Practices.EnterpriseLibrary.Configuration.Design.HostAdapter.dll = SolutionItems\EnterpriseLibraries\Microsoft.Practices.EnterpriseLibrary.Configuration.Design.HostAdapter.dll
		SolutionItems\EnterpriseLibraries\Microsoft.Practices.EnterpriseLibrary.Configuration.Design.UI.dll = SolutionItems\EnterpriseLibraries\Microsoft.Practices.EnterpriseLibrary.Configuration.Design.UI.dll
		SolutionItems\EnterpriseLibraries\Microsoft.Practices.EnterpriseLibrary.Configuration.Design.xml = SolutionItems\EnterpriseLibraries\Microsoft.Practices.EnterpriseLibrary.Configuration.Design.xml
		SolutionItems\EnterpriseLibraries\Microsoft.Practices.EnterpriseLibrary.Configuration.EnvironmentalOverrides.dll = SolutionItems\EnterpriseLibraries\Microsoft.Practices.EnterpriseLibrary.Configuration.EnvironmentalOverrides.dll
		SolutionItems\EnterpriseLibraries\Microsoft.Practices.EnterpriseLibrary.Data.Configuration.Design.dll = SolutionItems\EnterpriseLibraries\Microsoft.Practices.EnterpriseLibrary.Data.Configuration.Design.dll
		SolutionItems\EnterpriseLibraries\Microsoft.Practices.EnterpriseLibrary.Data.Configuration.Design.xml = SolutionItems\EnterpriseLibraries\Microsoft.Practices.EnterpriseLibrary.Data.Configuration.Design.xml
		SolutionItems\EnterpriseLibraries\Microsoft.Practices.EnterpriseLibrary.Data.dll = SolutionItems\EnterpriseLibraries\Microsoft.Practices.EnterpriseLibrary.Data.dll
		SolutionItems\EnterpriseLibraries\Microsoft.Practices.EnterpriseLibrary.Data.SqlCe.dll = SolutionItems\EnterpriseLibraries\Microsoft.Practices.EnterpriseLibrary.Data.SqlCe.dll
		SolutionItems\EnterpriseLibraries\Microsoft.Practices.EnterpriseLibrary.Data.SqlCe.xml = SolutionItems\EnterpriseLibraries\Microsoft.Practices.EnterpriseLibrary.Data.SqlCe.xml
		SolutionItems\EnterpriseLibraries\Microsoft.Practices.EnterpriseLibrary.Data.xml = SolutionItems\EnterpriseLibraries\Microsoft.Practices.EnterpriseLibrary.Data.xml
		SolutionItems\EnterpriseLibraries\Microsoft.Practices.EnterpriseLibrary.ExceptionHandling.Configuration.Design.dll = SolutionItems\EnterpriseLibraries\Microsoft.Practices.EnterpriseLibrary.ExceptionHandling.Configuration.Design.dll
		SolutionItems\EnterpriseLibraries\Microsoft.Practices.EnterpriseLibrary.ExceptionHandling.Configuration.Design.xml = SolutionItems\EnterpriseLibraries\Microsoft.Practices.EnterpriseLibrary.ExceptionHandling.Configuration.Design.xml
		SolutionItems\EnterpriseLibraries\Microsoft.Practices.EnterpriseLibrary.ExceptionHandling.dll = SolutionItems\EnterpriseLibraries\Microsoft.Practices.EnterpriseLibrary.ExceptionHandling.dll
		SolutionItems\EnterpriseLibraries\Microsoft.Practices.EnterpriseLibrary.ExceptionHandling.Logging.Configuration.Design.dll = SolutionItems\EnterpriseLibraries\Microsoft.Practices.EnterpriseLibrary.ExceptionHandling.Logging.Configuration.Design.dll
		SolutionItems\EnterpriseLibraries\Microsoft.Practices.EnterpriseLibrary.ExceptionHandling.Logging.Configuration.Design.xml = SolutionItems\EnterpriseLibraries\Microsoft.Practices.EnterpriseLibrary.ExceptionHandling.Logging.Configuration.Design.xml
		SolutionItems\EnterpriseLibraries\Microsoft.Practices.EnterpriseLibrary.ExceptionHandling.Logging.dll = SolutionItems\EnterpriseLibraries\Microsoft.Practices.EnterpriseLibrary.ExceptionHandling.Logging.dll
		SolutionItems\EnterpriseLibraries\Microsoft.Practices.EnterpriseLibrary.ExceptionHandling.Logging.xml = SolutionItems\EnterpriseLibraries\Microsoft.Practices.EnterpriseLibrary.ExceptionHandling.Logging.xml
		SolutionItems\EnterpriseLibraries\Microsoft.Practices.EnterpriseLibrary.ExceptionHandling.WCF.Configuration.Design.dll = SolutionItems\EnterpriseLibraries\Microsoft.Practices.EnterpriseLibrary.ExceptionHandling.WCF.Configuration.Design.dll
		SolutionItems\EnterpriseLibraries\Microsoft.Practices.EnterpriseLibrary.ExceptionHandling.WCF.Configuration.Design.xml = SolutionItems\EnterpriseLibraries\Microsoft.Practices.EnterpriseLibrary.ExceptionHandling.WCF.Configuration.Design.xml
		SolutionItems\EnterpriseLibraries\Microsoft.Practices.EnterpriseLibrary.ExceptionHandling.WCF.dll = SolutionItems\EnterpriseLibraries\Microsoft.Practices.EnterpriseLibrary.ExceptionHandling.WCF.dll
		SolutionItems\EnterpriseLibraries\Microsoft.Practices.EnterpriseLibrary.ExceptionHandling.WCF.xml = SolutionItems\EnterpriseLibraries\Microsoft.Practices.EnterpriseLibrary.ExceptionHandling.WCF.xml
		SolutionItems\EnterpriseLibraries\Microsoft.Practices.EnterpriseLibrary.ExceptionHandling.xml = SolutionItems\EnterpriseLibraries\Microsoft.Practices.EnterpriseLibrary.ExceptionHandling.xml
		SolutionItems\EnterpriseLibraries\Microsoft.Practices.EnterpriseLibrary.Logging.Configuration.Design.dll = SolutionItems\EnterpriseLibraries\Microsoft.Practices.EnterpriseLibrary.Logging.Configuration.Design.dll
		SolutionItems\EnterpriseLibraries\Microsoft.Practices.EnterpriseLibrary.Logging.Configuration.Design.xml = SolutionItems\EnterpriseLibraries\Microsoft.Practices.EnterpriseLibrary.Logging.Configuration.Design.xml
		SolutionItems\EnterpriseLibraries\Microsoft.Practices.EnterpriseLibrary.Logging.Database.Configuration.Design.dll = SolutionItems\EnterpriseLibraries\Microsoft.Practices.EnterpriseLibrary.Logging.Database.Configuration.Design.dll
		SolutionItems\EnterpriseLibraries\Microsoft.Practices.EnterpriseLibrary.Logging.Database.Configuration.Design.xml = SolutionItems\EnterpriseLibraries\Microsoft.Practices.EnterpriseLibrary.Logging.Database.Configuration.Design.xml
		SolutionItems\EnterpriseLibraries\Microsoft.Practices.EnterpriseLibrary.Logging.Database.dll = SolutionItems\EnterpriseLibraries\Microsoft.Practices.EnterpriseLibrary.Logging.Database.dll
		SolutionItems\EnterpriseLibraries\Microsoft.Practices.EnterpriseLibrary.Logging.Database.xml = SolutionItems\EnterpriseLibraries\Microsoft.Practices.EnterpriseLibrary.Logging.Database.xml
		SolutionItems\EnterpriseLibraries\Microsoft.Practices.EnterpriseLibrary.Logging.dll = SolutionItems\EnterpriseLibraries\Microsoft.Practices.EnterpriseLibrary.Logging.dll
		SolutionItems\EnterpriseLibraries\Microsoft.Practices.EnterpriseLibrary.Logging.xml = SolutionItems\EnterpriseLibraries\Microsoft.Practices.EnterpriseLibrary.Logging.xml
		SolutionItems\EnterpriseLibraries\Microsoft.Practices.EnterpriseLibrary.PolicyInjection.CallHandlers.Configuration.Design.dll = SolutionItems\EnterpriseLibraries\Microsoft.Practices.EnterpriseLibrary.PolicyInjection.CallHandlers.Configuration.Design.dll
		SolutionItems\EnterpriseLibraries\Microsoft.Practices.EnterpriseLibrary.PolicyInjection.CallHandlers.dll = SolutionItems\EnterpriseLibraries\Microsoft.Practices.EnterpriseLibrary.PolicyInjection.CallHandlers.dll
		SolutionItems\EnterpriseLibraries\Microsoft.Practices.EnterpriseLibrary.PolicyInjection.Configuration.Design.dll = SolutionItems\EnterpriseLibraries\Microsoft.Practices.EnterpriseLibrary.PolicyInjection.Configuration.Design.dll
		SolutionItems\EnterpriseLibraries\Microsoft.Practices.EnterpriseLibrary.PolicyInjection.dll = SolutionItems\EnterpriseLibraries\Microsoft.Practices.EnterpriseLibrary.PolicyInjection.dll
		SolutionItems\EnterpriseLibraries\Microsoft.Practices.EnterpriseLibrary.Security.AzMan.Configuration.Design.dll = SolutionItems\EnterpriseLibraries\Microsoft.Practices.EnterpriseLibrary.Security.AzMan.Configuration.Design.dll
		SolutionItems\EnterpriseLibraries\Microsoft.Practices.EnterpriseLibrary.Security.AzMan.Configuration.Design.xml = SolutionItems\EnterpriseLibraries\Microsoft.Practices.EnterpriseLibrary.Security.AzMan.Configuration.Design.xml
		SolutionItems\EnterpriseLibraries\Microsoft.Practices.EnterpriseLibrary.Security.AzMan.dll = SolutionItems\EnterpriseLibraries\Microsoft.Practices.EnterpriseLibrary.Security.AzMan.dll
		SolutionItems\EnterpriseLibraries\Microsoft.Practices.EnterpriseLibrary.Security.AzMan.xml = SolutionItems\EnterpriseLibraries\Microsoft.Practices.EnterpriseLibrary.Security.AzMan.xml
		SolutionItems\EnterpriseLibraries\Microsoft.Practices.EnterpriseLibrary.Security.Cache.CachingStore.dll = SolutionItems\EnterpriseLibraries\Microsoft.Practices.EnterpriseLibrary.Security.Cache.CachingStore.dll
		SolutionItems\EnterpriseLibraries\Microsoft.Practices.EnterpriseLibrary.Security.Cache.CachingStore.xml = SolutionItems\EnterpriseLibraries\Microsoft.Practices.EnterpriseLibrary.Security.Cache.CachingStore.xml
		SolutionItems\EnterpriseLibraries\Microsoft.Practices.EnterpriseLibrary.Security.Cache.Configuration.Design.dll = SolutionItems\EnterpriseLibraries\Microsoft.Practices.EnterpriseLibrary.Security.Cache.Configuration.Design.dll
		SolutionItems\EnterpriseLibraries\Microsoft.Practices.EnterpriseLibrary.Security.Cache.Configuration.Design.xml = SolutionItems\EnterpriseLibraries\Microsoft.Practices.EnterpriseLibrary.Security.Cache.Configuration.Design.xml
		SolutionItems\EnterpriseLibraries\Microsoft.Practices.EnterpriseLibrary.Security.Configuration.Design.dll = SolutionItems\EnterpriseLibraries\Microsoft.Practices.EnterpriseLibrary.Security.Configuration.Design.dll
		SolutionItems\EnterpriseLibraries\Microsoft.Practices.EnterpriseLibrary.Security.Configuration.Design.xml = SolutionItems\EnterpriseLibraries\Microsoft.Practices.EnterpriseLibrary.Security.Configuration.Design.xml
		SolutionItems\EnterpriseLibraries\Microsoft.Practices.EnterpriseLibrary.Security.Cryptography.Configuration.Design.dll = SolutionItems\EnterpriseLibraries\Microsoft.Practices.EnterpriseLibrary.Security.Cryptography.Configuration.Design.dll
		SolutionItems\EnterpriseLibraries\Microsoft.Practices.EnterpriseLibrary.Security.Cryptography.Configuration.Design.xml = SolutionItems\EnterpriseLibraries\Microsoft.Practices.EnterpriseLibrary.Security.Cryptography.Configuration.Design.xml
		SolutionItems\EnterpriseLibraries\Microsoft.Practices.EnterpriseLibrary.Security.Cryptography.dll = SolutionItems\EnterpriseLibraries\Microsoft.Practices.EnterpriseLibrary.Security.Cryptography.dll
		SolutionItems\EnterpriseLibraries\Microsoft.Practices.EnterpriseLibrary.Security.Cryptography.xml = SolutionItems\EnterpriseLibraries\Microsoft.Practices.EnterpriseLibrary.Security.Cryptography.xml
		SolutionItems\EnterpriseLibraries\Microsoft.Practices.EnterpriseLibrary.Security.dll = SolutionItems\EnterpriseLibraries\Microsoft.Practices.EnterpriseLibrary.Security.dll
		SolutionItems\EnterpriseLibraries\Microsoft.Practices.EnterpriseLibrary.Security.xml = SolutionItems\EnterpriseLibraries\Microsoft.Practices.EnterpriseLibrary.Security.xml
		SolutionItems\EnterpriseLibraries\Microsoft.Practices.EnterpriseLibrary.Validation.Configuration.Design.dll = SolutionItems\EnterpriseLibraries\Microsoft.Practices.EnterpriseLibrary.Validation.Configuration.Design.dll
		SolutionItems\EnterpriseLibraries\Microsoft.Practices.EnterpriseLibrary.Validation.Configuration.Design.xml = SolutionItems\EnterpriseLibraries\Microsoft.Practices.EnterpriseLibrary.Validation.Configuration.Design.xml
		SolutionItems\EnterpriseLibraries\Microsoft.Practices.EnterpriseLibrary.Validation.dll = SolutionItems\EnterpriseLibraries\Microsoft.Practices.EnterpriseLibrary.Validation.dll
		SolutionItems\EnterpriseLibraries\Microsoft.Practices.EnterpriseLibrary.Validation.Integration.AspNet.dll = SolutionItems\EnterpriseLibraries\Microsoft.Practices.EnterpriseLibrary.Validation.Integration.AspNet.dll
		SolutionItems\EnterpriseLibraries\Microsoft.Practices.EnterpriseLibrary.Validation.Integration.AspNet.xml = SolutionItems\EnterpriseLibraries\Microsoft.Practices.EnterpriseLibrary.Validation.Integration.AspNet.xml
		SolutionItems\EnterpriseLibraries\Microsoft.Practices.EnterpriseLibrary.Validation.Integration.WCF.dll = SolutionItems\EnterpriseLibraries\Microsoft.Practices.EnterpriseLibrary.Validation.Integration.WCF.dll
		SolutionItems\EnterpriseLibraries\Microsoft.Practices.EnterpriseLibrary.Validation.Integration.WCF.xml = SolutionItems\EnterpriseLibraries\Microsoft.Practices.EnterpriseLibrary.Validation.Integration.WCF.xml
		SolutionItems\EnterpriseLibraries\Microsoft.Practices.EnterpriseLibrary.Validation.Integration.WinForms.dll = SolutionItems\EnterpriseLibraries\Microsoft.Practices.EnterpriseLibrary.Validation.Integration.WinForms.dll
		SolutionItems\EnterpriseLibraries\Microsoft.Practices.EnterpriseLibrary.Validation.Integration.WinForms.xml = SolutionItems\EnterpriseLibraries\Microsoft.Practices.EnterpriseLibrary.Validation.Integration.WinForms.xml
		SolutionItems\EnterpriseLibraries\Microsoft.Practices.EnterpriseLibrary.Validation.xml = SolutionItems\EnterpriseLibraries\Microsoft.Practices.EnterpriseLibrary.Validation.xml
		SolutionItems\EnterpriseLibraries\Microsoft.Practices.ObjectBuilder2.dll = SolutionItems\EnterpriseLibraries\Microsoft.Practices.ObjectBuilder2.dll
		SolutionItems\EnterpriseLibraries\Microsoft.Practices.Unity.Configuration.dll = SolutionItems\EnterpriseLibraries\Microsoft.Practices.Unity.Configuration.dll
		SolutionItems\EnterpriseLibraries\Microsoft.Practices.Unity.dll = SolutionItems\EnterpriseLibraries\Microsoft.Practices.Unity.dll
		SolutionItems\EnterpriseLibraries\Microsoft.Practices.Unity.Interception.Configuration.dll = SolutionItems\EnterpriseLibraries\Microsoft.Practices.Unity.Interception.Configuration.dll
		SolutionItems\EnterpriseLibraries\Microsoft.Practices.Unity.Interception.dll = SolutionItems\EnterpriseLibraries\Microsoft.Practices.Unity.Interception.dll
		SolutionItems\EnterpriseLibraries\Microsoft.Practices.Unity.StaticFactory.dll = SolutionItems\EnterpriseLibraries\Microsoft.Practices.Unity.StaticFactory.dll
	EndProjectSection
EndProject
Project("{C8D11400-126E-41CD-887F-60BD40844F9E}") = "Polaris.Dbl", "Polaris.Dbl\Polaris.Dbl.dbproj", "{9BFC896C-AC52-48B7-8C96-CBAD39FE17FA}"
EndProject
Project("{FAE04EC0-301F-11D3-BF4B-00C04F79EFBC}") = "Polaris.Common", "Polaris.Common\Polaris.Common.csproj", "{2D3CEFE2-1758-40EF-BA83-D51D2E60BDEA}"
EndProject
Project("{2150E333-8FDC-42A3-9474-1A3956D46DE8}") = "ExternalCode", "ExternalCode", "{0A0BF1A6-BAEF-4487-B753-2688093076F4}"
EndProject
Project("{FAE04EC0-301F-11D3-BF4B-00C04F79EFBC}") = "DesignByContract.Weaver", "ExternalCode\DesignByContract.Weaver\DesignByContract.Weaver.csproj", "{6BADCD67-D169-484D-B3CF-1F4F4107542C}"
EndProject
Project("{FAE04EC0-301F-11D3-BF4B-00C04F79EFBC}") = "DesignByContract", "ExternalCode\DesignByContract\DesignByContract.csproj", "{203AEF24-74BE-4EB5-92CC-50427502C1D0}"
EndProject
Project("{FAE04EC0-301F-11D3-BF4B-00C04F79EFBC}") = "DesignByContract.Demo", "ExternalCode\DesignByContract.Demo\DesignByContract.Demo.csproj", "{B1966003-4A7D-4977-BD1F-C38F93BA3CAE}"
EndProject
Project("{FAE04EC0-301F-11D3-BF4B-00C04F79EFBC}") = "ManagedFusion.Web.Captcha", "ExternalCode\ManagedFusion.Web.Captcha\ManagedFusion.Web.Captcha.csproj", "{EE544D53-0396-406D-B2C2-1D3BC6495E3B}"
EndProject
Global
	GlobalSection(TeamFoundationVersionControl) = preSolution
		SccNumberOfProjects = 13
		SccEnterpriseProvider = {4CA58AB2-18FA-4F8D-95D4-32DDF27D184C}
		SccTeamFoundationServer = https://tfs04.codeplex.com/
		SccLocalPath0 = .
		SccProjectUniqueName1 = Polaris.Bal\\Polaris.Bal.csproj
		SccProjectName1 = Polaris.Bal
		SccLocalPath1 = Polaris.Bal
		SccProjectUniqueName2 = Polaris.Dal\\Polaris.Dal.csproj
		SccProjectName2 = Polaris.Dal
		SccLocalPath2 = Polaris.Dal
		SccProjectUniqueName3 = Polaris.Pal\\Polaris.Pal.csproj
		SccProjectName3 = Polaris.Pal
		SccLocalPath3 = Polaris.Pal
		SccProjectUniqueName4 = ..\\Tests\\Polaris.Tal\\Polaris.Tal.csproj
		SccProjectName4 = ../Tests/Polaris.Tal
		SccLocalPath4 = ..\\Tests\\Polaris.Tal
		SccProjectUniqueName5 = Polaris.Cms\\Polaris.Cms.csproj
		SccProjectName5 = Polaris.Cms
		SccLocalPath5 = Polaris.Cms
		SccProjectUniqueName6 = Polaris.Cal\\Polaris.Cal.csproj
		SccProjectName6 = Polaris.Cal
		SccLocalPath6 = Polaris.Cal
		SccProjectUniqueName7 = Polaris.Dbl\\Polaris.Dbl.dbproj
		SccProjectName7 = Polaris.Dbl
		SccLocalPath7 = Polaris.Dbl
		SccProjectUniqueName8 = Polaris.Common\\Polaris.Common.csproj
		SccProjectName8 = Polaris.Common
		SccLocalPath8 = Polaris.Common
		SccProjectUniqueName9 = ExternalCode\\DesignByContract.Weaver\\DesignByContract.Weaver.csproj
		SccProjectTopLevelParentUniqueName9 = Polaris.sln
		SccProjectName9 = ExternalCode/DesignByContract.Weaver
		SccLocalPath9 = ExternalCode\\DesignByContract.Weaver
		SccProjectUniqueName10 = ExternalCode\\DesignByContract\\DesignByContract.csproj
		SccProjectTopLevelParentUniqueName10 = Polaris.sln
		SccProjectName10 = ExternalCode/DesignByContract
		SccLocalPath10 = ExternalCode\\DesignByContract
		SccProjectUniqueName11 = ExternalCode\\DesignByContract.Demo\\DesignByContract.Demo.csproj
		SccProjectTopLevelParentUniqueName11 = Polaris.sln
		SccProjectName11 = ExternalCode/DesignByContract.Demo
		SccLocalPath11 = ExternalCode\\DesignByContract.Demo
		SccProjectUniqueName12 = ExternalCode\\ManagedFusion.Web.Captcha\\ManagedFusion.Web.Captcha.csproj
		SccProjectTopLevelParentUniqueName12 = Polaris.sln
		SccProjectName12 = ExternalCode/ManagedFusion.Web.Captcha
		SccLocalPath12 = ExternalCode\\ManagedFusion.Web.Captcha
	EndGlobalSection
	GlobalSection(SolutionConfigurationPlatforms) = preSolution
		Debug|Any CPU = Debug|Any CPU
		Default|Any CPU = Default|Any CPU
		Release|Any CPU = Release|Any CPU
	EndGlobalSection
	GlobalSection(ProjectConfigurationPlatforms) = postSolution
		{03EC8B09-0B43-47A1-A5D6-1044BDC824ED}.Debug|Any CPU.ActiveCfg = Debug|Any CPU
		{03EC8B09-0B43-47A1-A5D6-1044BDC824ED}.Debug|Any CPU.Build.0 = Debug|Any CPU
		{03EC8B09-0B43-47A1-A5D6-1044BDC824ED}.Default|Any CPU.ActiveCfg = Debug|Any CPU
		{03EC8B09-0B43-47A1-A5D6-1044BDC824ED}.Default|Any CPU.Build.0 = Debug|Any CPU
		{03EC8B09-0B43-47A1-A5D6-1044BDC824ED}.Release|Any CPU.ActiveCfg = Release|Any CPU
		{03EC8B09-0B43-47A1-A5D6-1044BDC824ED}.Release|Any CPU.Build.0 = Release|Any CPU
		{FDFCB721-DA95-44A1-AC89-F39C11BE311E}.Debug|Any CPU.ActiveCfg = Debug|Any CPU
		{FDFCB721-DA95-44A1-AC89-F39C11BE311E}.Debug|Any CPU.Build.0 = Debug|Any CPU
		{FDFCB721-DA95-44A1-AC89-F39C11BE311E}.Default|Any CPU.ActiveCfg = Debug|Any CPU
		{FDFCB721-DA95-44A1-AC89-F39C11BE311E}.Default|Any CPU.Build.0 = Debug|Any CPU
		{FDFCB721-DA95-44A1-AC89-F39C11BE311E}.Release|Any CPU.ActiveCfg = Release|Any CPU
		{FDFCB721-DA95-44A1-AC89-F39C11BE311E}.Release|Any CPU.Build.0 = Release|Any CPU
		{3E3ED42B-34EA-4B58-A858-BC06F445C58F}.Debug|Any CPU.ActiveCfg = Debug|Any CPU
		{3E3ED42B-34EA-4B58-A858-BC06F445C58F}.Debug|Any CPU.Build.0 = Debug|Any CPU
		{3E3ED42B-34EA-4B58-A858-BC06F445C58F}.Default|Any CPU.ActiveCfg = Debug|Any CPU
		{3E3ED42B-34EA-4B58-A858-BC06F445C58F}.Default|Any CPU.Build.0 = Debug|Any CPU
		{3E3ED42B-34EA-4B58-A858-BC06F445C58F}.Release|Any CPU.ActiveCfg = Release|Any CPU
		{3E3ED42B-34EA-4B58-A858-BC06F445C58F}.Release|Any CPU.Build.0 = Release|Any CPU
		{79629DBA-3F1C-4689-A720-B75A5B9E4626}.Debug|Any CPU.ActiveCfg = Debug|Any CPU
		{79629DBA-3F1C-4689-A720-B75A5B9E4626}.Debug|Any CPU.Build.0 = Debug|Any CPU
		{79629DBA-3F1C-4689-A720-B75A5B9E4626}.Default|Any CPU.ActiveCfg = Debug|Any CPU
		{79629DBA-3F1C-4689-A720-B75A5B9E4626}.Default|Any CPU.Build.0 = Debug|Any CPU
		{79629DBA-3F1C-4689-A720-B75A5B9E4626}.Release|Any CPU.ActiveCfg = Release|Any CPU
		{79629DBA-3F1C-4689-A720-B75A5B9E4626}.Release|Any CPU.Build.0 = Release|Any CPU
		{66D69190-00CF-457E-9CFD-6C3165194F53}.Debug|Any CPU.ActiveCfg = Debug|Any CPU
		{66D69190-00CF-457E-9CFD-6C3165194F53}.Debug|Any CPU.Build.0 = Debug|Any CPU
		{66D69190-00CF-457E-9CFD-6C3165194F53}.Default|Any CPU.ActiveCfg = Debug|Any CPU
		{66D69190-00CF-457E-9CFD-6C3165194F53}.Default|Any CPU.Build.0 = Debug|Any CPU
		{66D69190-00CF-457E-9CFD-6C3165194F53}.Release|Any CPU.ActiveCfg = Release|Any CPU
		{66D69190-00CF-457E-9CFD-6C3165194F53}.Release|Any CPU.Build.0 = Release|Any CPU
		{95FD45CA-A3A4-4264-8992-B8E5D3025C71}.Debug|Any CPU.ActiveCfg = Debug|Any CPU
		{95FD45CA-A3A4-4264-8992-B8E5D3025C71}.Debug|Any CPU.Build.0 = Debug|Any CPU
		{95FD45CA-A3A4-4264-8992-B8E5D3025C71}.Default|Any CPU.ActiveCfg = Debug|Any CPU
		{95FD45CA-A3A4-4264-8992-B8E5D3025C71}.Default|Any CPU.Build.0 = Debug|Any CPU
		{95FD45CA-A3A4-4264-8992-B8E5D3025C71}.Release|Any CPU.ActiveCfg = Release|Any CPU
		{95FD45CA-A3A4-4264-8992-B8E5D3025C71}.Release|Any CPU.Build.0 = Release|Any CPU
		{9BFC896C-AC52-48B7-8C96-CBAD39FE17FA}.Debug|Any CPU.ActiveCfg = Default|Any CPU
		{9BFC896C-AC52-48B7-8C96-CBAD39FE17FA}.Debug|Any CPU.Build.0 = Default|Any CPU
		{9BFC896C-AC52-48B7-8C96-CBAD39FE17FA}.Debug|Any CPU.Deploy.0 = Default|Any CPU
		{9BFC896C-AC52-48B7-8C96-CBAD39FE17FA}.Default|Any CPU.ActiveCfg = Default|Any CPU
		{9BFC896C-AC52-48B7-8C96-CBAD39FE17FA}.Default|Any CPU.Build.0 = Default|Any CPU
		{9BFC896C-AC52-48B7-8C96-CBAD39FE17FA}.Default|Any CPU.Deploy.0 = Default|Any CPU
		{9BFC896C-AC52-48B7-8C96-CBAD39FE17FA}.Release|Any CPU.ActiveCfg = Default|Any CPU
		{9BFC896C-AC52-48B7-8C96-CBAD39FE17FA}.Release|Any CPU.Build.0 = Default|Any CPU
		{9BFC896C-AC52-48B7-8C96-CBAD39FE17FA}.Release|Any CPU.Deploy.0 = Default|Any CPU
		{2D3CEFE2-1758-40EF-BA83-D51D2E60BDEA}.Debug|Any CPU.ActiveCfg = Debug|Any CPU
		{2D3CEFE2-1758-40EF-BA83-D51D2E60BDEA}.Debug|Any CPU.Build.0 = Debug|Any CPU
		{2D3CEFE2-1758-40EF-BA83-D51D2E60BDEA}.Default|Any CPU.ActiveCfg = Debug|Any CPU
		{2D3CEFE2-1758-40EF-BA83-D51D2E60BDEA}.Default|Any CPU.Build.0 = Debug|Any CPU
		{2D3CEFE2-1758-40EF-BA83-D51D2E60BDEA}.Release|Any CPU.ActiveCfg = Release|Any CPU
		{2D3CEFE2-1758-40EF-BA83-D51D2E60BDEA}.Release|Any CPU.Build.0 = Release|Any CPU
		{6BADCD67-D169-484D-B3CF-1F4F4107542C}.Debug|Any CPU.ActiveCfg = Debug|Any CPU
		{6BADCD67-D169-484D-B3CF-1F4F4107542C}.Debug|Any CPU.Build.0 = Debug|Any CPU
		{6BADCD67-D169-484D-B3CF-1F4F4107542C}.Default|Any CPU.ActiveCfg = Debug|Any CPU
		{6BADCD67-D169-484D-B3CF-1F4F4107542C}.Default|Any CPU.Build.0 = Debug|Any CPU
		{6BADCD67-D169-484D-B3CF-1F4F4107542C}.Release|Any CPU.ActiveCfg = Release|Any CPU
		{6BADCD67-D169-484D-B3CF-1F4F4107542C}.Release|Any CPU.Build.0 = Release|Any CPU
		{203AEF24-74BE-4EB5-92CC-50427502C1D0}.Debug|Any CPU.ActiveCfg = Debug|Any CPU
		{203AEF24-74BE-4EB5-92CC-50427502C1D0}.Debug|Any CPU.Build.0 = Debug|Any CPU
		{203AEF24-74BE-4EB5-92CC-50427502C1D0}.Default|Any CPU.ActiveCfg = Debug|Any CPU
		{203AEF24-74BE-4EB5-92CC-50427502C1D0}.Default|Any CPU.Build.0 = Debug|Any CPU
		{203AEF24-74BE-4EB5-92CC-50427502C1D0}.Release|Any CPU.ActiveCfg = Release|Any CPU
		{203AEF24-74BE-4EB5-92CC-50427502C1D0}.Release|Any CPU.Build.0 = Release|Any CPU
		{B1966003-4A7D-4977-BD1F-C38F93BA3CAE}.Debug|Any CPU.ActiveCfg = Debug|Any CPU
		{B1966003-4A7D-4977-BD1F-C38F93BA3CAE}.Debug|Any CPU.Build.0 = Debug|Any CPU
		{B1966003-4A7D-4977-BD1F-C38F93BA3CAE}.Default|Any CPU.ActiveCfg = Debug|Any CPU
		{B1966003-4A7D-4977-BD1F-C38F93BA3CAE}.Default|Any CPU.Build.0 = Debug|Any CPU
		{B1966003-4A7D-4977-BD1F-C38F93BA3CAE}.Release|Any CPU.ActiveCfg = Release|Any CPU
		{B1966003-4A7D-4977-BD1F-C38F93BA3CAE}.Release|Any CPU.Build.0 = Release|Any CPU
		{EE544D53-0396-406D-B2C2-1D3BC6495E3B}.Debug|Any CPU.ActiveCfg = Debug|Any CPU
		{EE544D53-0396-406D-B2C2-1D3BC6495E3B}.Debug|Any CPU.Build.0 = Debug|Any CPU
		{EE544D53-0396-406D-B2C2-1D3BC6495E3B}.Default|Any CPU.ActiveCfg = Debug|Any CPU
		{EE544D53-0396-406D-B2C2-1D3BC6495E3B}.Default|Any CPU.Build.0 = Debug|Any CPU
		{EE544D53-0396-406D-B2C2-1D3BC6495E3B}.Release|Any CPU.ActiveCfg = Release|Any CPU
		{EE544D53-0396-406D-B2C2-1D3BC6495E3B}.Release|Any CPU.Build.0 = Release|Any CPU
	EndGlobalSection
	GlobalSection(SolutionProperties) = preSolution
		HideSolutionNode = FALSE
	EndGlobalSection
	GlobalSection(NestedProjects) = preSolution
		{14CA4766-F653-4B95-9B76-B4ECD4C8AF39} = {4ED7D494-702D-4A16-8E6F-A8B0887D1778}
		{6BADCD67-D169-484D-B3CF-1F4F4107542C} = {0A0BF1A6-BAEF-4487-B753-2688093076F4}
		{203AEF24-74BE-4EB5-92CC-50427502C1D0} = {0A0BF1A6-BAEF-4487-B753-2688093076F4}
		{B1966003-4A7D-4977-BD1F-C38F93BA3CAE} = {0A0BF1A6-BAEF-4487-B753-2688093076F4}
		{EE544D53-0396-406D-B2C2-1D3BC6495E3B} = {0A0BF1A6-BAEF-4487-B753-2688093076F4}
	EndGlobalSection
EndGlobal
