
Microsoft Visual Studio Solution File, Format Version 12.00
# Visual Studio 2012
Project("{2150E333-8FDC-42A3-9474-1A3956D46DE8}") = "Common", "Common", "{26CBCF2F-5E68-4012-8085-4BFC001B4126}"
EndProject
Project("{2150E333-8FDC-42A3-9474-1A3956D46DE8}") = "Wpf", "Wpf", "{2B6D8B8D-AC03-4AAE-A33F-5E4D4EB02BDE}"
EndProject
Project("{2150E333-8FDC-42A3-9474-1A3956D46DE8}") = "Phone", "Phone", "{C9AF3596-400C-46D0-BD54-37AEB0C6C0C2}"
EndProject
Project("{2150E333-8FDC-42A3-9474-1A3956D46DE8}") = "Silverlight", "Silverlight", "{0BC9A099-AECB-4731-82D1-74D36EB58EAF}"
EndProject
Project("{FAE04EC0-301F-11D3-BF4B-00C04F79EFBC}") = "Polaris.Common", "Common\Polaris.Common\Polaris.Common.csproj", "{32FB0AA6-8ACC-4ABB-9570-4D3FCA9C1262}"
EndProject
Project("{FAE04EC0-301F-11D3-BF4B-00C04F79EFBC}") = "Polaris.Wpf.UnityExtensions", "Wpf\Polaris.UnityExtensions\Polaris.Wpf.UnityExtensions.csproj", "{9AF9A1DC-2FC8-4950-B1E5-BB17C5C32024}"
EndProject
Project("{FAE04EC0-301F-11D3-BF4B-00C04F79EFBC}") = "Polaris.Wpf", "Wpf\Polaris.Wpf\Polaris.Wpf.csproj", "{969C8E8C-441B-40F3-8730-4BFA31E56DAE}"
EndProject
Project("{FAE04EC0-301F-11D3-BF4B-00C04F79EFBC}") = "Polaris.Wpf.Ui", "Wpf\Polaris.Wpf.Ui\Polaris.Wpf.Ui.csproj", "{097603E9-D1FD-4A14-9F60-480C109D0263}"
EndProject
Project("{FAE04EC0-301F-11D3-BF4B-00C04F79EFBC}") = "Polaris.Wpf.ViewRegistry", "Wpf\Polaris.Wpf.ViewRegistry\Polaris.Wpf.ViewRegistry.csproj", "{6A0385F1-B440-4DF2-AC9D-011666E0759E}"
EndProject
Project("{2150E333-8FDC-42A3-9474-1A3956D46DE8}") = "Solution Items", "Solution Items", "{BB301EF0-55B4-4F96-BC71-D50339F6779F}"
	ProjectSection(SolutionItems) = preProject
		SolutionItems\AssemblyVersion.cs = SolutionItems\AssemblyVersion.cs
		README.txt = README.txt
	EndProjectSection
EndProject
Project("{FAE04EC0-301F-11D3-BF4B-00C04F79EFBC}") = "Polaris.Quickstart.QuertyKeyboard", "QuickStarts\Polaris.Quickstart.QuertyKeyboard\Polaris.Quickstart.QuertyKeyboard.csproj", "{310F9742-CB94-4480-8E1C-49B7920E3CDA}"
EndProject
Project("{FAE04EC0-301F-11D3-BF4B-00C04F79EFBC}") = "Polaris.Quickstart.ShadowedTextblock", "QuickStarts\Polaris.Quickstart.ShadowedTextblock\Polaris.Quickstart.ShadowedTextblock.csproj", "{375F9254-9BB5-4395-BEE1-B8505CD6F040}"
EndProject
Project("{2150E333-8FDC-42A3-9474-1A3956D46DE8}") = "QuickStars", "QuickStars", "{777753FA-F0D5-4EF9-A19C-162834F81A5E}"
EndProject
Project("{2150E333-8FDC-42A3-9474-1A3956D46DE8}") = "Kinect", "Kinect", "{E8F8F1E6-D94D-44D7-B494-612E9254A602}"
EndProject
Project("{2150E333-8FDC-42A3-9474-1A3956D46DE8}") = "MSBuild", "MSBuild", "{410F146B-41D7-4322-A3EA-F162C7B5888A}"
	ProjectSection(SolutionItems) = preProject
		MSBuild\Polaris.CSharp.targets = MSBuild\Polaris.CSharp.targets
		MSBuild\Polaris.CSharp.Tasks.ReadAllText.target = MSBuild\Polaris.CSharp.Tasks.ReadAllText.target
		MSBuild\Polaris.CSharp.Tasks.ReadAssemblyInfo.target = MSBuild\Polaris.CSharp.Tasks.ReadAssemblyInfo.target
		MSBuild\Polaris.CSharp.Tasks.SetTimeBaseAssemblyVersion.target = MSBuild\Polaris.CSharp.Tasks.SetTimeBaseAssemblyVersion.target
		MSBuild\Polaris.CSharp.Tasks.TransformWMAppManifest.target = MSBuild\Polaris.CSharp.Tasks.TransformWMAppManifest.target
		MSBuild\Polaris.CSharp.Tasks.WriteAssemblyInfo.target = MSBuild\Polaris.CSharp.Tasks.WriteAssemblyInfo.target
		MSBuild\WMAppManifest.xslt = MSBuild\WMAppManifest.xslt
	EndProjectSection
EndProject
Project("{2150E333-8FDC-42A3-9474-1A3956D46DE8}") = "ThirdParty", "ThirdParty", "{43066DA0-E4EB-4848-B781-734A47888A36}"
EndProject
Project("{FAE04EC0-301F-11D3-BF4B-00C04F79EFBC}") = "InputSimulator", "Wpf\packages\InputSimulator.0.1.0.0\src\InputSimulator\InputSimulator.csproj", "{3549CD6F-80F8-450F-B99E-CF0A736B1F2A}"
EndProject
Project("{FAE04EC0-301F-11D3-BF4B-00C04F79EFBC}") = "Polaris.PhoneLib.Toolkit", "Phone\Polaris.PhoneLib.Toolkit\Polaris.PhoneLib.Toolkit.csproj", "{768CF62E-7F94-4702-B192-231E860ACD42}"
EndProject
Project("{FAE04EC0-301F-11D3-BF4B-00C04F79EFBC}") = "Polaris.PhoneLib.IoC", "Phone\Polaris.PhoneLib.IoC\Polaris.PhoneLib.IoC.csproj", "{1901D1CC-109E-4CE1-8321-52C495637D5F}"
EndProject
Project("{FAE04EC0-301F-11D3-BF4B-00C04F79EFBC}") = "Polaris.PhoneLib.Mvvm", "Phone\Polaris.PhoneLib.Mvvm\Polaris.PhoneLib.Mvvm.csproj", "{4AB17A89-E720-46EB-92BB-720F6711EAFF}"
EndProject
Project("{FAE04EC0-301F-11D3-BF4B-00C04F79EFBC}") = "Polaris.PhoneLib.SystemEx", "Phone\Polaris.PhoneLib.SystemEx\Polaris.PhoneLib.SystemEx.csproj", "{C77A37AE-6202-4FBF-AAEE-791E13064F82}"
EndProject
Project("{FAE04EC0-301F-11D3-BF4B-00C04F79EFBC}") = "Polaris.Quickstart.CalPhoneApp", "QuickStarts\Polaris.Quickstart.CalPhoneApp\Polaris.Quickstart.CalPhoneApp.csproj", "{92D9F540-E2E7-44A0-BC82-3A3FA0C54832}"
EndProject
Global
	GlobalSection(TeamFoundationVersionControl) = preSolution
		SccNumberOfProjects = 14
		SccEnterpriseProvider = {4CA58AB2-18FA-4F8D-95D4-32DDF27D184C}
		SccTeamFoundationServer = https://tfs.codeplex.com/tfs/tfs04
		SccLocalPath0 = .
		SccProjectUniqueName1 = Common\\Polaris.Common\\Polaris.Common.csproj
		SccProjectTopLevelParentUniqueName1 = Polaris.sln
		SccProjectName1 = Common/Polaris.Common
		SccLocalPath1 = Common\\Polaris.Common
		SccProjectUniqueName2 = Wpf\\Polaris.UnityExtensions\\Polaris.Wpf.UnityExtensions.csproj
		SccProjectTopLevelParentUniqueName2 = Polaris.sln
		SccProjectName2 = Wpf/Polaris.UnityExtensions
		SccLocalPath2 = Wpf\\Polaris.UnityExtensions
		SccProjectUniqueName3 = Wpf\\Polaris.Wpf\\Polaris.Wpf.csproj
		SccProjectTopLevelParentUniqueName3 = Polaris.sln
		SccProjectName3 = Wpf/Polaris.Wpf
		SccLocalPath3 = Wpf\\Polaris.Wpf
		SccProjectUniqueName4 = Wpf\\Polaris.Wpf.Ui\\Polaris.Wpf.Ui.csproj
		SccProjectTopLevelParentUniqueName4 = Polaris.sln
		SccProjectName4 = Wpf/Polaris.Wpf.Ui
		SccLocalPath4 = Wpf\\Polaris.Wpf.Ui
		SccProjectUniqueName5 = Wpf\\Polaris.Wpf.ViewRegistry\\Polaris.Wpf.ViewRegistry.csproj
		SccProjectTopLevelParentUniqueName5 = Polaris.sln
		SccProjectName5 = Wpf/Polaris.Wpf.ViewRegistry
		SccLocalPath5 = Wpf\\Polaris.Wpf.ViewRegistry
		SccProjectUniqueName6 = QuickStarts\\Polaris.Quickstart.QuertyKeyboard\\Polaris.Quickstart.QuertyKeyboard.csproj
		SccProjectTopLevelParentUniqueName6 = Polaris.sln
		SccProjectName6 = QuickStarts/Polaris.Quickstart.QuertyKeyboard
		SccLocalPath6 = QuickStarts\\Polaris.Quickstart.QuertyKeyboard
		SccProjectUniqueName7 = QuickStarts\\Polaris.Quickstart.ShadowedTextblock\\Polaris.Quickstart.ShadowedTextblock.csproj
		SccProjectTopLevelParentUniqueName7 = Polaris.sln
		SccProjectName7 = QuickStarts/Polaris.Quickstart.ShadowedTextblock
		SccLocalPath7 = QuickStarts\\Polaris.Quickstart.ShadowedTextblock
		SccProjectUniqueName8 = Wpf\\packages\\InputSimulator.0.1.0.0\\src\\InputSimulator\\InputSimulator.csproj
		SccProjectTopLevelParentUniqueName8 = Polaris.sln
		SccProjectName8 = Wpf/packages/InputSimulator.0.1.0.0/src/InputSimulator
		SccLocalPath8 = Wpf\\packages\\InputSimulator.0.1.0.0\\src\\InputSimulator
		SccProjectUniqueName9 = Phone\\Polaris.PhoneLib.Toolkit\\Polaris.PhoneLib.Toolkit.csproj
		SccProjectTopLevelParentUniqueName9 = Polaris.sln
		SccProjectName9 = Phone/Polaris.PhoneLib.Toolkit
		SccLocalPath9 = Phone\\Polaris.PhoneLib.Toolkit
		SccProjectUniqueName10 = Phone\\Polaris.PhoneLib.IoC\\Polaris.PhoneLib.IoC.csproj
		SccProjectTopLevelParentUniqueName10 = Polaris.sln
		SccProjectName10 = Phone/Polaris.PhoneLib.IoC
		SccLocalPath10 = Phone\\Polaris.PhoneLib.IoC
		SccProjectUniqueName11 = Phone\\Polaris.PhoneLib.Mvvm\\Polaris.PhoneLib.Mvvm.csproj
		SccProjectTopLevelParentUniqueName11 = Polaris.sln
		SccProjectName11 = Phone/Polaris.PhoneLib.Mvvm
		SccLocalPath11 = Phone\\Polaris.PhoneLib.Mvvm
		SccProjectUniqueName12 = Phone\\Polaris.PhoneLib.SystemEx\\Polaris.PhoneLib.SystemEx.csproj
		SccProjectTopLevelParentUniqueName12 = Polaris.sln
		SccProjectName12 = Phone/Polaris.PhoneLib.SystemEx
		SccLocalPath12 = Phone\\Polaris.PhoneLib.SystemEx
		SccProjectUniqueName13 = QuickStarts\\Polaris.Quickstart.CalPhoneApp\\Polaris.Quickstart.CalPhoneApp.csproj
		SccProjectTopLevelParentUniqueName13 = Polaris.sln
		SccProjectName13 = QuickStarts/Polaris.Quickstart.CalPhoneApp
		SccLocalPath13 = QuickStarts\\Polaris.Quickstart.CalPhoneApp
	EndGlobalSection
	GlobalSection(SolutionConfigurationPlatforms) = preSolution
		Debug|Any CPU = Debug|Any CPU
		Debug|ARM = Debug|ARM
		Debug|x64 = Debug|x64
		Debug|x86 = Debug|x86
		NugetDeploy|Any CPU = NugetDeploy|Any CPU
		NugetDeploy|ARM = NugetDeploy|ARM
		NugetDeploy|x64 = NugetDeploy|x64
		NugetDeploy|x86 = NugetDeploy|x86
		Release|Any CPU = Release|Any CPU
		Release|ARM = Release|ARM
		Release|x64 = Release|x64
		Release|x86 = Release|x86
	EndGlobalSection
	GlobalSection(ProjectConfigurationPlatforms) = postSolution
		{32FB0AA6-8ACC-4ABB-9570-4D3FCA9C1262}.Debug|Any CPU.ActiveCfg = Debug|Any CPU
		{32FB0AA6-8ACC-4ABB-9570-4D3FCA9C1262}.Debug|Any CPU.Build.0 = Debug|Any CPU
		{32FB0AA6-8ACC-4ABB-9570-4D3FCA9C1262}.Debug|ARM.ActiveCfg = Debug|Any CPU
		{32FB0AA6-8ACC-4ABB-9570-4D3FCA9C1262}.Debug|x64.ActiveCfg = Debug|x64
		{32FB0AA6-8ACC-4ABB-9570-4D3FCA9C1262}.Debug|x64.Build.0 = Debug|x64
		{32FB0AA6-8ACC-4ABB-9570-4D3FCA9C1262}.Debug|x86.ActiveCfg = Debug|x86
		{32FB0AA6-8ACC-4ABB-9570-4D3FCA9C1262}.Debug|x86.Build.0 = Debug|x86
		{32FB0AA6-8ACC-4ABB-9570-4D3FCA9C1262}.NugetDeploy|Any CPU.ActiveCfg = NugetDeploy|Any CPU
		{32FB0AA6-8ACC-4ABB-9570-4D3FCA9C1262}.NugetDeploy|Any CPU.Build.0 = NugetDeploy|Any CPU
		{32FB0AA6-8ACC-4ABB-9570-4D3FCA9C1262}.NugetDeploy|ARM.ActiveCfg = NugetDeploy|Any CPU
		{32FB0AA6-8ACC-4ABB-9570-4D3FCA9C1262}.NugetDeploy|x64.ActiveCfg = NugetDeploy|x64
		{32FB0AA6-8ACC-4ABB-9570-4D3FCA9C1262}.NugetDeploy|x64.Build.0 = NugetDeploy|x64
		{32FB0AA6-8ACC-4ABB-9570-4D3FCA9C1262}.NugetDeploy|x86.ActiveCfg = NugetDeploy|x86
		{32FB0AA6-8ACC-4ABB-9570-4D3FCA9C1262}.NugetDeploy|x86.Build.0 = NugetDeploy|x86
		{32FB0AA6-8ACC-4ABB-9570-4D3FCA9C1262}.Release|Any CPU.ActiveCfg = Release|Any CPU
		{32FB0AA6-8ACC-4ABB-9570-4D3FCA9C1262}.Release|Any CPU.Build.0 = Release|Any CPU
		{32FB0AA6-8ACC-4ABB-9570-4D3FCA9C1262}.Release|ARM.ActiveCfg = Release|Any CPU
		{32FB0AA6-8ACC-4ABB-9570-4D3FCA9C1262}.Release|x64.ActiveCfg = Release|x64
		{32FB0AA6-8ACC-4ABB-9570-4D3FCA9C1262}.Release|x64.Build.0 = Release|x64
		{32FB0AA6-8ACC-4ABB-9570-4D3FCA9C1262}.Release|x86.ActiveCfg = Release|x86
		{32FB0AA6-8ACC-4ABB-9570-4D3FCA9C1262}.Release|x86.Build.0 = Release|x86
		{9AF9A1DC-2FC8-4950-B1E5-BB17C5C32024}.Debug|Any CPU.ActiveCfg = Debug|Any CPU
		{9AF9A1DC-2FC8-4950-B1E5-BB17C5C32024}.Debug|Any CPU.Build.0 = Debug|Any CPU
		{9AF9A1DC-2FC8-4950-B1E5-BB17C5C32024}.Debug|ARM.ActiveCfg = Debug|Any CPU
		{9AF9A1DC-2FC8-4950-B1E5-BB17C5C32024}.Debug|x64.ActiveCfg = Debug|x64
		{9AF9A1DC-2FC8-4950-B1E5-BB17C5C32024}.Debug|x64.Build.0 = Debug|x64
		{9AF9A1DC-2FC8-4950-B1E5-BB17C5C32024}.Debug|x86.ActiveCfg = Debug|x86
		{9AF9A1DC-2FC8-4950-B1E5-BB17C5C32024}.Debug|x86.Build.0 = Debug|x86
		{9AF9A1DC-2FC8-4950-B1E5-BB17C5C32024}.NugetDeploy|Any CPU.ActiveCfg = NugetDeploy|Any CPU
		{9AF9A1DC-2FC8-4950-B1E5-BB17C5C32024}.NugetDeploy|Any CPU.Build.0 = NugetDeploy|Any CPU
		{9AF9A1DC-2FC8-4950-B1E5-BB17C5C32024}.NugetDeploy|ARM.ActiveCfg = NugetDeploy|Any CPU
		{9AF9A1DC-2FC8-4950-B1E5-BB17C5C32024}.NugetDeploy|x64.ActiveCfg = NugetDeploy|x64
		{9AF9A1DC-2FC8-4950-B1E5-BB17C5C32024}.NugetDeploy|x64.Build.0 = NugetDeploy|x64
		{9AF9A1DC-2FC8-4950-B1E5-BB17C5C32024}.NugetDeploy|x86.ActiveCfg = NugetDeploy|x86
		{9AF9A1DC-2FC8-4950-B1E5-BB17C5C32024}.NugetDeploy|x86.Build.0 = NugetDeploy|x86
		{9AF9A1DC-2FC8-4950-B1E5-BB17C5C32024}.Release|Any CPU.ActiveCfg = Release|Any CPU
		{9AF9A1DC-2FC8-4950-B1E5-BB17C5C32024}.Release|Any CPU.Build.0 = Release|Any CPU
		{9AF9A1DC-2FC8-4950-B1E5-BB17C5C32024}.Release|ARM.ActiveCfg = Release|Any CPU
		{9AF9A1DC-2FC8-4950-B1E5-BB17C5C32024}.Release|x64.ActiveCfg = Release|x64
		{9AF9A1DC-2FC8-4950-B1E5-BB17C5C32024}.Release|x64.Build.0 = Release|x64
		{9AF9A1DC-2FC8-4950-B1E5-BB17C5C32024}.Release|x86.ActiveCfg = Release|x86
		{9AF9A1DC-2FC8-4950-B1E5-BB17C5C32024}.Release|x86.Build.0 = Release|x86
		{969C8E8C-441B-40F3-8730-4BFA31E56DAE}.Debug|Any CPU.ActiveCfg = Debug|Any CPU
		{969C8E8C-441B-40F3-8730-4BFA31E56DAE}.Debug|Any CPU.Build.0 = Debug|Any CPU
		{969C8E8C-441B-40F3-8730-4BFA31E56DAE}.Debug|ARM.ActiveCfg = Debug|Any CPU
		{969C8E8C-441B-40F3-8730-4BFA31E56DAE}.Debug|x64.ActiveCfg = Debug|x64
		{969C8E8C-441B-40F3-8730-4BFA31E56DAE}.Debug|x64.Build.0 = Debug|x64
		{969C8E8C-441B-40F3-8730-4BFA31E56DAE}.Debug|x86.ActiveCfg = Debug|x86
		{969C8E8C-441B-40F3-8730-4BFA31E56DAE}.Debug|x86.Build.0 = Debug|x86
		{969C8E8C-441B-40F3-8730-4BFA31E56DAE}.NugetDeploy|Any CPU.ActiveCfg = NugetDeploy|Any CPU
		{969C8E8C-441B-40F3-8730-4BFA31E56DAE}.NugetDeploy|Any CPU.Build.0 = NugetDeploy|Any CPU
		{969C8E8C-441B-40F3-8730-4BFA31E56DAE}.NugetDeploy|ARM.ActiveCfg = NugetDeploy|Any CPU
		{969C8E8C-441B-40F3-8730-4BFA31E56DAE}.NugetDeploy|x64.ActiveCfg = NugetDeploy|x64
		{969C8E8C-441B-40F3-8730-4BFA31E56DAE}.NugetDeploy|x64.Build.0 = NugetDeploy|x64
		{969C8E8C-441B-40F3-8730-4BFA31E56DAE}.NugetDeploy|x86.ActiveCfg = NugetDeploy|x86
		{969C8E8C-441B-40F3-8730-4BFA31E56DAE}.NugetDeploy|x86.Build.0 = NugetDeploy|x86
		{969C8E8C-441B-40F3-8730-4BFA31E56DAE}.Release|Any CPU.ActiveCfg = Release|Any CPU
		{969C8E8C-441B-40F3-8730-4BFA31E56DAE}.Release|Any CPU.Build.0 = Release|Any CPU
		{969C8E8C-441B-40F3-8730-4BFA31E56DAE}.Release|ARM.ActiveCfg = Release|Any CPU
		{969C8E8C-441B-40F3-8730-4BFA31E56DAE}.Release|x64.ActiveCfg = Release|x64
		{969C8E8C-441B-40F3-8730-4BFA31E56DAE}.Release|x64.Build.0 = Release|x64
		{969C8E8C-441B-40F3-8730-4BFA31E56DAE}.Release|x86.ActiveCfg = Release|x86
		{969C8E8C-441B-40F3-8730-4BFA31E56DAE}.Release|x86.Build.0 = Release|x86
		{097603E9-D1FD-4A14-9F60-480C109D0263}.Debug|Any CPU.ActiveCfg = Debug|Any CPU
		{097603E9-D1FD-4A14-9F60-480C109D0263}.Debug|Any CPU.Build.0 = Debug|Any CPU
		{097603E9-D1FD-4A14-9F60-480C109D0263}.Debug|ARM.ActiveCfg = Debug|Any CPU
		{097603E9-D1FD-4A14-9F60-480C109D0263}.Debug|x64.ActiveCfg = Debug|x64
		{097603E9-D1FD-4A14-9F60-480C109D0263}.Debug|x64.Build.0 = Debug|x64
		{097603E9-D1FD-4A14-9F60-480C109D0263}.Debug|x86.ActiveCfg = Debug|x86
		{097603E9-D1FD-4A14-9F60-480C109D0263}.Debug|x86.Build.0 = Debug|x86
		{097603E9-D1FD-4A14-9F60-480C109D0263}.NugetDeploy|Any CPU.ActiveCfg = NugetDeploy|Any CPU
		{097603E9-D1FD-4A14-9F60-480C109D0263}.NugetDeploy|Any CPU.Build.0 = NugetDeploy|Any CPU
		{097603E9-D1FD-4A14-9F60-480C109D0263}.NugetDeploy|ARM.ActiveCfg = NugetDeploy|Any CPU
		{097603E9-D1FD-4A14-9F60-480C109D0263}.NugetDeploy|x64.ActiveCfg = NugetDeploy|x64
		{097603E9-D1FD-4A14-9F60-480C109D0263}.NugetDeploy|x64.Build.0 = NugetDeploy|x64
		{097603E9-D1FD-4A14-9F60-480C109D0263}.NugetDeploy|x86.ActiveCfg = NugetDeploy|x86
		{097603E9-D1FD-4A14-9F60-480C109D0263}.NugetDeploy|x86.Build.0 = NugetDeploy|x86
		{097603E9-D1FD-4A14-9F60-480C109D0263}.Release|Any CPU.ActiveCfg = Release|Any CPU
		{097603E9-D1FD-4A14-9F60-480C109D0263}.Release|Any CPU.Build.0 = Release|Any CPU
		{097603E9-D1FD-4A14-9F60-480C109D0263}.Release|ARM.ActiveCfg = Release|Any CPU
		{097603E9-D1FD-4A14-9F60-480C109D0263}.Release|x64.ActiveCfg = Release|x64
		{097603E9-D1FD-4A14-9F60-480C109D0263}.Release|x64.Build.0 = Release|x64
		{097603E9-D1FD-4A14-9F60-480C109D0263}.Release|x86.ActiveCfg = Release|x86
		{097603E9-D1FD-4A14-9F60-480C109D0263}.Release|x86.Build.0 = Release|x86
		{6A0385F1-B440-4DF2-AC9D-011666E0759E}.Debug|Any CPU.ActiveCfg = Debug|Any CPU
		{6A0385F1-B440-4DF2-AC9D-011666E0759E}.Debug|Any CPU.Build.0 = Debug|Any CPU
		{6A0385F1-B440-4DF2-AC9D-011666E0759E}.Debug|ARM.ActiveCfg = Debug|Any CPU
		{6A0385F1-B440-4DF2-AC9D-011666E0759E}.Debug|x64.ActiveCfg = Debug|x64
		{6A0385F1-B440-4DF2-AC9D-011666E0759E}.Debug|x64.Build.0 = Debug|x64
		{6A0385F1-B440-4DF2-AC9D-011666E0759E}.Debug|x86.ActiveCfg = Debug|x86
		{6A0385F1-B440-4DF2-AC9D-011666E0759E}.Debug|x86.Build.0 = Debug|x86
		{6A0385F1-B440-4DF2-AC9D-011666E0759E}.NugetDeploy|Any CPU.ActiveCfg = NugetDeploy|Any CPU
		{6A0385F1-B440-4DF2-AC9D-011666E0759E}.NugetDeploy|Any CPU.Build.0 = NugetDeploy|Any CPU
		{6A0385F1-B440-4DF2-AC9D-011666E0759E}.NugetDeploy|ARM.ActiveCfg = NugetDeploy|Any CPU
		{6A0385F1-B440-4DF2-AC9D-011666E0759E}.NugetDeploy|x64.ActiveCfg = NugetDeploy|x64
		{6A0385F1-B440-4DF2-AC9D-011666E0759E}.NugetDeploy|x64.Build.0 = NugetDeploy|x64
		{6A0385F1-B440-4DF2-AC9D-011666E0759E}.NugetDeploy|x86.ActiveCfg = NugetDeploy|x86
		{6A0385F1-B440-4DF2-AC9D-011666E0759E}.NugetDeploy|x86.Build.0 = NugetDeploy|x86
		{6A0385F1-B440-4DF2-AC9D-011666E0759E}.Release|Any CPU.ActiveCfg = Release|Any CPU
		{6A0385F1-B440-4DF2-AC9D-011666E0759E}.Release|Any CPU.Build.0 = Release|Any CPU
		{6A0385F1-B440-4DF2-AC9D-011666E0759E}.Release|ARM.ActiveCfg = Release|Any CPU
		{6A0385F1-B440-4DF2-AC9D-011666E0759E}.Release|x64.ActiveCfg = Release|x64
		{6A0385F1-B440-4DF2-AC9D-011666E0759E}.Release|x64.Build.0 = Release|x64
		{6A0385F1-B440-4DF2-AC9D-011666E0759E}.Release|x86.ActiveCfg = Release|x86
		{6A0385F1-B440-4DF2-AC9D-011666E0759E}.Release|x86.Build.0 = Release|x86
		{310F9742-CB94-4480-8E1C-49B7920E3CDA}.Debug|Any CPU.ActiveCfg = Debug|Any CPU
		{310F9742-CB94-4480-8E1C-49B7920E3CDA}.Debug|Any CPU.Build.0 = Debug|Any CPU
		{310F9742-CB94-4480-8E1C-49B7920E3CDA}.Debug|ARM.ActiveCfg = Debug|Any CPU
		{310F9742-CB94-4480-8E1C-49B7920E3CDA}.Debug|x64.ActiveCfg = Debug|x64
		{310F9742-CB94-4480-8E1C-49B7920E3CDA}.Debug|x64.Build.0 = Debug|x64
		{310F9742-CB94-4480-8E1C-49B7920E3CDA}.Debug|x86.ActiveCfg = Debug|x86
		{310F9742-CB94-4480-8E1C-49B7920E3CDA}.Debug|x86.Build.0 = Debug|x86
		{310F9742-CB94-4480-8E1C-49B7920E3CDA}.NugetDeploy|Any CPU.ActiveCfg = NugetDeploy|Any CPU
		{310F9742-CB94-4480-8E1C-49B7920E3CDA}.NugetDeploy|Any CPU.Build.0 = NugetDeploy|Any CPU
		{310F9742-CB94-4480-8E1C-49B7920E3CDA}.NugetDeploy|ARM.ActiveCfg = NugetDeploy|Any CPU
		{310F9742-CB94-4480-8E1C-49B7920E3CDA}.NugetDeploy|x64.ActiveCfg = NugetDeploy|x64
		{310F9742-CB94-4480-8E1C-49B7920E3CDA}.NugetDeploy|x64.Build.0 = NugetDeploy|x64
		{310F9742-CB94-4480-8E1C-49B7920E3CDA}.NugetDeploy|x86.ActiveCfg = NugetDeploy|x86
		{310F9742-CB94-4480-8E1C-49B7920E3CDA}.NugetDeploy|x86.Build.0 = NugetDeploy|x86
		{310F9742-CB94-4480-8E1C-49B7920E3CDA}.Release|Any CPU.ActiveCfg = Release|Any CPU
		{310F9742-CB94-4480-8E1C-49B7920E3CDA}.Release|Any CPU.Build.0 = Release|Any CPU
		{310F9742-CB94-4480-8E1C-49B7920E3CDA}.Release|ARM.ActiveCfg = Release|Any CPU
		{310F9742-CB94-4480-8E1C-49B7920E3CDA}.Release|x64.ActiveCfg = Release|x64
		{310F9742-CB94-4480-8E1C-49B7920E3CDA}.Release|x64.Build.0 = Release|x64
		{310F9742-CB94-4480-8E1C-49B7920E3CDA}.Release|x86.ActiveCfg = Release|x86
		{310F9742-CB94-4480-8E1C-49B7920E3CDA}.Release|x86.Build.0 = Release|x86
		{375F9254-9BB5-4395-BEE1-B8505CD6F040}.Debug|Any CPU.ActiveCfg = Debug|Any CPU
		{375F9254-9BB5-4395-BEE1-B8505CD6F040}.Debug|Any CPU.Build.0 = Debug|Any CPU
		{375F9254-9BB5-4395-BEE1-B8505CD6F040}.Debug|ARM.ActiveCfg = Debug|Any CPU
		{375F9254-9BB5-4395-BEE1-B8505CD6F040}.Debug|x64.ActiveCfg = Debug|x64
		{375F9254-9BB5-4395-BEE1-B8505CD6F040}.Debug|x64.Build.0 = Debug|x64
		{375F9254-9BB5-4395-BEE1-B8505CD6F040}.Debug|x86.ActiveCfg = Debug|x86
		{375F9254-9BB5-4395-BEE1-B8505CD6F040}.Debug|x86.Build.0 = Debug|x86
		{375F9254-9BB5-4395-BEE1-B8505CD6F040}.NugetDeploy|Any CPU.ActiveCfg = NugetDeploy|Any CPU
		{375F9254-9BB5-4395-BEE1-B8505CD6F040}.NugetDeploy|Any CPU.Build.0 = NugetDeploy|Any CPU
		{375F9254-9BB5-4395-BEE1-B8505CD6F040}.NugetDeploy|ARM.ActiveCfg = NugetDeploy|Any CPU
		{375F9254-9BB5-4395-BEE1-B8505CD6F040}.NugetDeploy|x64.ActiveCfg = NugetDeploy|x64
		{375F9254-9BB5-4395-BEE1-B8505CD6F040}.NugetDeploy|x64.Build.0 = NugetDeploy|x64
		{375F9254-9BB5-4395-BEE1-B8505CD6F040}.NugetDeploy|x86.ActiveCfg = NugetDeploy|x86
		{375F9254-9BB5-4395-BEE1-B8505CD6F040}.NugetDeploy|x86.Build.0 = NugetDeploy|x86
		{375F9254-9BB5-4395-BEE1-B8505CD6F040}.Release|Any CPU.ActiveCfg = Release|Any CPU
		{375F9254-9BB5-4395-BEE1-B8505CD6F040}.Release|Any CPU.Build.0 = Release|Any CPU
		{375F9254-9BB5-4395-BEE1-B8505CD6F040}.Release|ARM.ActiveCfg = Release|Any CPU
		{375F9254-9BB5-4395-BEE1-B8505CD6F040}.Release|x64.ActiveCfg = Release|x64
		{375F9254-9BB5-4395-BEE1-B8505CD6F040}.Release|x64.Build.0 = Release|x64
		{375F9254-9BB5-4395-BEE1-B8505CD6F040}.Release|x86.ActiveCfg = Release|x86
		{375F9254-9BB5-4395-BEE1-B8505CD6F040}.Release|x86.Build.0 = Release|x86
		{3549CD6F-80F8-450F-B99E-CF0A736B1F2A}.Debug|Any CPU.ActiveCfg = Debug|Any CPU
		{3549CD6F-80F8-450F-B99E-CF0A736B1F2A}.Debug|Any CPU.Build.0 = Debug|Any CPU
		{3549CD6F-80F8-450F-B99E-CF0A736B1F2A}.Debug|ARM.ActiveCfg = Debug|Any CPU
		{3549CD6F-80F8-450F-B99E-CF0A736B1F2A}.Debug|x64.ActiveCfg = Debug|x64
		{3549CD6F-80F8-450F-B99E-CF0A736B1F2A}.Debug|x64.Build.0 = Debug|x64
		{3549CD6F-80F8-450F-B99E-CF0A736B1F2A}.Debug|x86.ActiveCfg = Debug|x86
		{3549CD6F-80F8-450F-B99E-CF0A736B1F2A}.Debug|x86.Build.0 = Debug|x86
		{3549CD6F-80F8-450F-B99E-CF0A736B1F2A}.NugetDeploy|Any CPU.ActiveCfg = NugetDeploy|Any CPU
		{3549CD6F-80F8-450F-B99E-CF0A736B1F2A}.NugetDeploy|Any CPU.Build.0 = NugetDeploy|Any CPU
		{3549CD6F-80F8-450F-B99E-CF0A736B1F2A}.NugetDeploy|ARM.ActiveCfg = NugetDeploy|Any CPU
		{3549CD6F-80F8-450F-B99E-CF0A736B1F2A}.NugetDeploy|x64.ActiveCfg = NugetDeploy|x64
		{3549CD6F-80F8-450F-B99E-CF0A736B1F2A}.NugetDeploy|x64.Build.0 = NugetDeploy|x64
		{3549CD6F-80F8-450F-B99E-CF0A736B1F2A}.NugetDeploy|x86.ActiveCfg = NugetDeploy|x86
		{3549CD6F-80F8-450F-B99E-CF0A736B1F2A}.NugetDeploy|x86.Build.0 = NugetDeploy|x86
		{3549CD6F-80F8-450F-B99E-CF0A736B1F2A}.Release|Any CPU.ActiveCfg = Release|Any CPU
		{3549CD6F-80F8-450F-B99E-CF0A736B1F2A}.Release|Any CPU.Build.0 = Release|Any CPU
		{3549CD6F-80F8-450F-B99E-CF0A736B1F2A}.Release|ARM.ActiveCfg = Release|Any CPU
		{3549CD6F-80F8-450F-B99E-CF0A736B1F2A}.Release|x64.ActiveCfg = Release|x64
		{3549CD6F-80F8-450F-B99E-CF0A736B1F2A}.Release|x64.Build.0 = Release|x64
		{3549CD6F-80F8-450F-B99E-CF0A736B1F2A}.Release|x86.ActiveCfg = Release|x86
		{3549CD6F-80F8-450F-B99E-CF0A736B1F2A}.Release|x86.Build.0 = Release|x86
		{768CF62E-7F94-4702-B192-231E860ACD42}.Debug|Any CPU.ActiveCfg = Debug|Any CPU
		{768CF62E-7F94-4702-B192-231E860ACD42}.Debug|Any CPU.Build.0 = Debug|Any CPU
		{768CF62E-7F94-4702-B192-231E860ACD42}.Debug|ARM.ActiveCfg = Debug|ARM
		{768CF62E-7F94-4702-B192-231E860ACD42}.Debug|ARM.Build.0 = Debug|ARM
		{768CF62E-7F94-4702-B192-231E860ACD42}.Debug|x64.ActiveCfg = Debug|Any CPU
		{768CF62E-7F94-4702-B192-231E860ACD42}.Debug|x86.ActiveCfg = Debug|x86
		{768CF62E-7F94-4702-B192-231E860ACD42}.Debug|x86.Build.0 = Debug|x86
		{768CF62E-7F94-4702-B192-231E860ACD42}.NugetDeploy|Any CPU.ActiveCfg = Release|Any CPU
		{768CF62E-7F94-4702-B192-231E860ACD42}.NugetDeploy|Any CPU.Build.0 = Release|Any CPU
		{768CF62E-7F94-4702-B192-231E860ACD42}.NugetDeploy|ARM.ActiveCfg = Release|ARM
		{768CF62E-7F94-4702-B192-231E860ACD42}.NugetDeploy|ARM.Build.0 = Release|ARM
		{768CF62E-7F94-4702-B192-231E860ACD42}.NugetDeploy|x64.ActiveCfg = Release|Any CPU
		{768CF62E-7F94-4702-B192-231E860ACD42}.NugetDeploy|x86.ActiveCfg = Release|x86
		{768CF62E-7F94-4702-B192-231E860ACD42}.NugetDeploy|x86.Build.0 = Release|x86
		{768CF62E-7F94-4702-B192-231E860ACD42}.Release|Any CPU.ActiveCfg = Release|Any CPU
		{768CF62E-7F94-4702-B192-231E860ACD42}.Release|Any CPU.Build.0 = Release|Any CPU
		{768CF62E-7F94-4702-B192-231E860ACD42}.Release|ARM.ActiveCfg = Release|ARM
		{768CF62E-7F94-4702-B192-231E860ACD42}.Release|ARM.Build.0 = Release|ARM
		{768CF62E-7F94-4702-B192-231E860ACD42}.Release|x64.ActiveCfg = Release|Any CPU
		{768CF62E-7F94-4702-B192-231E860ACD42}.Release|x86.ActiveCfg = Release|x86
		{768CF62E-7F94-4702-B192-231E860ACD42}.Release|x86.Build.0 = Release|x86
		{1901D1CC-109E-4CE1-8321-52C495637D5F}.Debug|Any CPU.ActiveCfg = Debug|Any CPU
		{1901D1CC-109E-4CE1-8321-52C495637D5F}.Debug|Any CPU.Build.0 = Debug|Any CPU
		{1901D1CC-109E-4CE1-8321-52C495637D5F}.Debug|ARM.ActiveCfg = Debug|ARM
		{1901D1CC-109E-4CE1-8321-52C495637D5F}.Debug|ARM.Build.0 = Debug|ARM
		{1901D1CC-109E-4CE1-8321-52C495637D5F}.Debug|x64.ActiveCfg = Debug|Any CPU
		{1901D1CC-109E-4CE1-8321-52C495637D5F}.Debug|x86.ActiveCfg = Debug|x86
		{1901D1CC-109E-4CE1-8321-52C495637D5F}.Debug|x86.Build.0 = Debug|x86
		{1901D1CC-109E-4CE1-8321-52C495637D5F}.NugetDeploy|Any CPU.ActiveCfg = Release|Any CPU
		{1901D1CC-109E-4CE1-8321-52C495637D5F}.NugetDeploy|Any CPU.Build.0 = Release|Any CPU
		{1901D1CC-109E-4CE1-8321-52C495637D5F}.NugetDeploy|ARM.ActiveCfg = Release|ARM
		{1901D1CC-109E-4CE1-8321-52C495637D5F}.NugetDeploy|ARM.Build.0 = Release|ARM
		{1901D1CC-109E-4CE1-8321-52C495637D5F}.NugetDeploy|x64.ActiveCfg = Release|Any CPU
		{1901D1CC-109E-4CE1-8321-52C495637D5F}.NugetDeploy|x86.ActiveCfg = Release|x86
		{1901D1CC-109E-4CE1-8321-52C495637D5F}.NugetDeploy|x86.Build.0 = Release|x86
		{1901D1CC-109E-4CE1-8321-52C495637D5F}.Release|Any CPU.ActiveCfg = Release|Any CPU
		{1901D1CC-109E-4CE1-8321-52C495637D5F}.Release|Any CPU.Build.0 = Release|Any CPU
		{1901D1CC-109E-4CE1-8321-52C495637D5F}.Release|ARM.ActiveCfg = Release|ARM
		{1901D1CC-109E-4CE1-8321-52C495637D5F}.Release|ARM.Build.0 = Release|ARM
		{1901D1CC-109E-4CE1-8321-52C495637D5F}.Release|x64.ActiveCfg = Release|Any CPU
		{1901D1CC-109E-4CE1-8321-52C495637D5F}.Release|x86.ActiveCfg = Release|x86
		{1901D1CC-109E-4CE1-8321-52C495637D5F}.Release|x86.Build.0 = Release|x86
		{4AB17A89-E720-46EB-92BB-720F6711EAFF}.Debug|Any CPU.ActiveCfg = Debug|Any CPU
		{4AB17A89-E720-46EB-92BB-720F6711EAFF}.Debug|Any CPU.Build.0 = Debug|Any CPU
		{4AB17A89-E720-46EB-92BB-720F6711EAFF}.Debug|ARM.ActiveCfg = Debug|ARM
		{4AB17A89-E720-46EB-92BB-720F6711EAFF}.Debug|ARM.Build.0 = Debug|ARM
		{4AB17A89-E720-46EB-92BB-720F6711EAFF}.Debug|x64.ActiveCfg = Debug|Any CPU
		{4AB17A89-E720-46EB-92BB-720F6711EAFF}.Debug|x86.ActiveCfg = Debug|x86
		{4AB17A89-E720-46EB-92BB-720F6711EAFF}.Debug|x86.Build.0 = Debug|x86
		{4AB17A89-E720-46EB-92BB-720F6711EAFF}.NugetDeploy|Any CPU.ActiveCfg = Release|Any CPU
		{4AB17A89-E720-46EB-92BB-720F6711EAFF}.NugetDeploy|Any CPU.Build.0 = Release|Any CPU
		{4AB17A89-E720-46EB-92BB-720F6711EAFF}.NugetDeploy|ARM.ActiveCfg = Release|ARM
		{4AB17A89-E720-46EB-92BB-720F6711EAFF}.NugetDeploy|ARM.Build.0 = Release|ARM
		{4AB17A89-E720-46EB-92BB-720F6711EAFF}.NugetDeploy|x64.ActiveCfg = Release|Any CPU
		{4AB17A89-E720-46EB-92BB-720F6711EAFF}.NugetDeploy|x86.ActiveCfg = Release|x86
		{4AB17A89-E720-46EB-92BB-720F6711EAFF}.NugetDeploy|x86.Build.0 = Release|x86
		{4AB17A89-E720-46EB-92BB-720F6711EAFF}.Release|Any CPU.ActiveCfg = Release|Any CPU
		{4AB17A89-E720-46EB-92BB-720F6711EAFF}.Release|Any CPU.Build.0 = Release|Any CPU
		{4AB17A89-E720-46EB-92BB-720F6711EAFF}.Release|ARM.ActiveCfg = Release|ARM
		{4AB17A89-E720-46EB-92BB-720F6711EAFF}.Release|ARM.Build.0 = Release|ARM
		{4AB17A89-E720-46EB-92BB-720F6711EAFF}.Release|x64.ActiveCfg = Release|Any CPU
		{4AB17A89-E720-46EB-92BB-720F6711EAFF}.Release|x86.ActiveCfg = Release|x86
		{4AB17A89-E720-46EB-92BB-720F6711EAFF}.Release|x86.Build.0 = Release|x86
		{C77A37AE-6202-4FBF-AAEE-791E13064F82}.Debug|Any CPU.ActiveCfg = Debug|Any CPU
		{C77A37AE-6202-4FBF-AAEE-791E13064F82}.Debug|Any CPU.Build.0 = Debug|Any CPU
		{C77A37AE-6202-4FBF-AAEE-791E13064F82}.Debug|ARM.ActiveCfg = Debug|ARM
		{C77A37AE-6202-4FBF-AAEE-791E13064F82}.Debug|ARM.Build.0 = Debug|ARM
		{C77A37AE-6202-4FBF-AAEE-791E13064F82}.Debug|x64.ActiveCfg = Debug|Any CPU
		{C77A37AE-6202-4FBF-AAEE-791E13064F82}.Debug|x86.ActiveCfg = Debug|x86
		{C77A37AE-6202-4FBF-AAEE-791E13064F82}.Debug|x86.Build.0 = Debug|x86
		{C77A37AE-6202-4FBF-AAEE-791E13064F82}.NugetDeploy|Any CPU.ActiveCfg = Release|Any CPU
		{C77A37AE-6202-4FBF-AAEE-791E13064F82}.NugetDeploy|Any CPU.Build.0 = Release|Any CPU
		{C77A37AE-6202-4FBF-AAEE-791E13064F82}.NugetDeploy|ARM.ActiveCfg = Release|ARM
		{C77A37AE-6202-4FBF-AAEE-791E13064F82}.NugetDeploy|ARM.Build.0 = Release|ARM
		{C77A37AE-6202-4FBF-AAEE-791E13064F82}.NugetDeploy|x64.ActiveCfg = Release|Any CPU
		{C77A37AE-6202-4FBF-AAEE-791E13064F82}.NugetDeploy|x86.ActiveCfg = Release|x86
		{C77A37AE-6202-4FBF-AAEE-791E13064F82}.NugetDeploy|x86.Build.0 = Release|x86
		{C77A37AE-6202-4FBF-AAEE-791E13064F82}.Release|Any CPU.ActiveCfg = Release|Any CPU
		{C77A37AE-6202-4FBF-AAEE-791E13064F82}.Release|Any CPU.Build.0 = Release|Any CPU
		{C77A37AE-6202-4FBF-AAEE-791E13064F82}.Release|ARM.ActiveCfg = Release|ARM
		{C77A37AE-6202-4FBF-AAEE-791E13064F82}.Release|ARM.Build.0 = Release|ARM
		{C77A37AE-6202-4FBF-AAEE-791E13064F82}.Release|x64.ActiveCfg = Release|Any CPU
		{C77A37AE-6202-4FBF-AAEE-791E13064F82}.Release|x86.ActiveCfg = Release|x86
		{C77A37AE-6202-4FBF-AAEE-791E13064F82}.Release|x86.Build.0 = Release|x86
		{92D9F540-E2E7-44A0-BC82-3A3FA0C54832}.Debug|Any CPU.ActiveCfg = Debug|Any CPU
		{92D9F540-E2E7-44A0-BC82-3A3FA0C54832}.Debug|Any CPU.Build.0 = Debug|Any CPU
		{92D9F540-E2E7-44A0-BC82-3A3FA0C54832}.Debug|Any CPU.Deploy.0 = Debug|Any CPU
		{92D9F540-E2E7-44A0-BC82-3A3FA0C54832}.Debug|ARM.ActiveCfg = Debug|ARM
		{92D9F540-E2E7-44A0-BC82-3A3FA0C54832}.Debug|ARM.Build.0 = Debug|ARM
		{92D9F540-E2E7-44A0-BC82-3A3FA0C54832}.Debug|ARM.Deploy.0 = Debug|ARM
		{92D9F540-E2E7-44A0-BC82-3A3FA0C54832}.Debug|x64.ActiveCfg = Debug|Any CPU
		{92D9F540-E2E7-44A0-BC82-3A3FA0C54832}.Debug|x86.ActiveCfg = Debug|x86
		{92D9F540-E2E7-44A0-BC82-3A3FA0C54832}.Debug|x86.Build.0 = Debug|x86
		{92D9F540-E2E7-44A0-BC82-3A3FA0C54832}.Debug|x86.Deploy.0 = Debug|x86
		{92D9F540-E2E7-44A0-BC82-3A3FA0C54832}.NugetDeploy|Any CPU.ActiveCfg = Release|Any CPU
		{92D9F540-E2E7-44A0-BC82-3A3FA0C54832}.NugetDeploy|Any CPU.Build.0 = Release|Any CPU
		{92D9F540-E2E7-44A0-BC82-3A3FA0C54832}.NugetDeploy|Any CPU.Deploy.0 = Release|Any CPU
		{92D9F540-E2E7-44A0-BC82-3A3FA0C54832}.NugetDeploy|ARM.ActiveCfg = Release|ARM
		{92D9F540-E2E7-44A0-BC82-3A3FA0C54832}.NugetDeploy|ARM.Build.0 = Release|ARM
		{92D9F540-E2E7-44A0-BC82-3A3FA0C54832}.NugetDeploy|ARM.Deploy.0 = Release|ARM
		{92D9F540-E2E7-44A0-BC82-3A3FA0C54832}.NugetDeploy|x64.ActiveCfg = Release|Any CPU
		{92D9F540-E2E7-44A0-BC82-3A3FA0C54832}.NugetDeploy|x86.ActiveCfg = Release|x86
		{92D9F540-E2E7-44A0-BC82-3A3FA0C54832}.NugetDeploy|x86.Build.0 = Release|x86
		{92D9F540-E2E7-44A0-BC82-3A3FA0C54832}.NugetDeploy|x86.Deploy.0 = Release|x86
		{92D9F540-E2E7-44A0-BC82-3A3FA0C54832}.Release|Any CPU.ActiveCfg = Release|Any CPU
		{92D9F540-E2E7-44A0-BC82-3A3FA0C54832}.Release|Any CPU.Build.0 = Release|Any CPU
		{92D9F540-E2E7-44A0-BC82-3A3FA0C54832}.Release|Any CPU.Deploy.0 = Release|Any CPU
		{92D9F540-E2E7-44A0-BC82-3A3FA0C54832}.Release|ARM.ActiveCfg = Release|ARM
		{92D9F540-E2E7-44A0-BC82-3A3FA0C54832}.Release|ARM.Build.0 = Release|ARM
		{92D9F540-E2E7-44A0-BC82-3A3FA0C54832}.Release|ARM.Deploy.0 = Release|ARM
		{92D9F540-E2E7-44A0-BC82-3A3FA0C54832}.Release|x64.ActiveCfg = Release|Any CPU
		{92D9F540-E2E7-44A0-BC82-3A3FA0C54832}.Release|x86.ActiveCfg = Release|x86
		{92D9F540-E2E7-44A0-BC82-3A3FA0C54832}.Release|x86.Build.0 = Release|x86
		{92D9F540-E2E7-44A0-BC82-3A3FA0C54832}.Release|x86.Deploy.0 = Release|x86
	EndGlobalSection
	GlobalSection(SolutionProperties) = preSolution
		HideSolutionNode = FALSE
	EndGlobalSection
	GlobalSection(NestedProjects) = preSolution
		{32FB0AA6-8ACC-4ABB-9570-4D3FCA9C1262} = {26CBCF2F-5E68-4012-8085-4BFC001B4126}
		{9AF9A1DC-2FC8-4950-B1E5-BB17C5C32024} = {2B6D8B8D-AC03-4AAE-A33F-5E4D4EB02BDE}
		{969C8E8C-441B-40F3-8730-4BFA31E56DAE} = {2B6D8B8D-AC03-4AAE-A33F-5E4D4EB02BDE}
		{097603E9-D1FD-4A14-9F60-480C109D0263} = {2B6D8B8D-AC03-4AAE-A33F-5E4D4EB02BDE}
		{6A0385F1-B440-4DF2-AC9D-011666E0759E} = {2B6D8B8D-AC03-4AAE-A33F-5E4D4EB02BDE}
		{768CF62E-7F94-4702-B192-231E860ACD42} = {C9AF3596-400C-46D0-BD54-37AEB0C6C0C2}
		{1901D1CC-109E-4CE1-8321-52C495637D5F} = {C9AF3596-400C-46D0-BD54-37AEB0C6C0C2}
		{4AB17A89-E720-46EB-92BB-720F6711EAFF} = {C9AF3596-400C-46D0-BD54-37AEB0C6C0C2}
		{C77A37AE-6202-4FBF-AAEE-791E13064F82} = {C9AF3596-400C-46D0-BD54-37AEB0C6C0C2}
		{375F9254-9BB5-4395-BEE1-B8505CD6F040} = {777753FA-F0D5-4EF9-A19C-162834F81A5E}
		{310F9742-CB94-4480-8E1C-49B7920E3CDA} = {777753FA-F0D5-4EF9-A19C-162834F81A5E}
		{92D9F540-E2E7-44A0-BC82-3A3FA0C54832} = {777753FA-F0D5-4EF9-A19C-162834F81A5E}
		{3549CD6F-80F8-450F-B99E-CF0A736B1F2A} = {43066DA0-E4EB-4848-B781-734A47888A36}
	EndGlobalSection
EndGlobal
