
Microsoft Visual Studio Solution File, Format Version 12.00
# Visual Studio 2012
Project("{FAE04EC0-301F-11D3-BF4B-00C04F79EFBC}") = "Polaris.PhoneLib.Diagnostics", "Polaris.PhoneLib.Diagnostics\Polaris.PhoneLib.Diagnostics.csproj", "{A1007F54-1AFB-439E-AA26-EFD61CF7B43B}"
EndProject
Project("{FAE04EC0-301F-11D3-BF4B-00C04F79EFBC}") = "Polaris.PhoneLib.IoC", "Polaris.PhoneLib.IoC\Polaris.PhoneLib.IoC.csproj", "{1901D1CC-109E-4CE1-8321-52C495637D5F}"
EndProject
Project("{FAE04EC0-301F-11D3-BF4B-00C04F79EFBC}") = "Polaris.PhoneLib.Mvvm", "Polaris.PhoneLib.Mvvm\Polaris.PhoneLib.Mvvm.csproj", "{4AB17A89-E720-46EB-92BB-720F6711EAFF}"
EndProject
Project("{FAE04EC0-301F-11D3-BF4B-00C04F79EFBC}") = "Polaris.PhoneLib.SystemEx", "Polaris.PhoneLib.SystemEx\Polaris.PhoneLib.SystemEx.csproj", "{C77A37AE-6202-4FBF-AAEE-791E13064F82}"
EndProject
Project("{FAE04EC0-301F-11D3-BF4B-00C04F79EFBC}") = "Polaris.PhoneLib.Toolkit", "Polaris.PhoneLib.Toolkit\Polaris.PhoneLib.Toolkit.csproj", "{768CF62E-7F94-4702-B192-231E860ACD42}"
EndProject
Global
	GlobalSection(TeamFoundationVersionControl) = preSolution
		SccNumberOfProjects = 6
		SccEnterpriseProvider = {4CA58AB2-18FA-4F8D-95D4-32DDF27D184C}
		SccTeamFoundationServer = https://tfs.codeplex.com/tfs/tfs04
		SccLocalPath0 = .
		SccProjectUniqueName1 = Polaris.PhoneLib.Diagnostics\\Polaris.PhoneLib.Diagnostics.csproj
		SccProjectName1 = Polaris.PhoneLib.Diagnostics
		SccLocalPath1 = Polaris.PhoneLib.Diagnostics
		SccProjectUniqueName2 = Polaris.PhoneLib.IoC\\Polaris.PhoneLib.IoC.csproj
		SccProjectName2 = Polaris.PhoneLib.IoC
		SccLocalPath2 = Polaris.PhoneLib.IoC
		SccProjectUniqueName3 = Polaris.PhoneLib.Mvvm\\Polaris.PhoneLib.Mvvm.csproj
		SccProjectName3 = Polaris.PhoneLib.Mvvm
		SccLocalPath3 = Polaris.PhoneLib.Mvvm
		SccProjectUniqueName4 = Polaris.PhoneLib.SystemEx\\Polaris.PhoneLib.SystemEx.csproj
		SccProjectName4 = Polaris.PhoneLib.SystemEx
		SccLocalPath4 = Polaris.PhoneLib.SystemEx
		SccProjectUniqueName5 = Polaris.PhoneLib.Toolkit\\Polaris.PhoneLib.Toolkit.csproj
		SccProjectName5 = Polaris.PhoneLib.Toolkit
		SccLocalPath5 = Polaris.PhoneLib.Toolkit
	EndGlobalSection
	GlobalSection(SolutionConfigurationPlatforms) = preSolution
		Debug|Any CPU = Debug|Any CPU
		Debug|ARM = Debug|ARM
		Debug|x86 = Debug|x86
		Release|Any CPU = Release|Any CPU
		Release|ARM = Release|ARM
		Release|x86 = Release|x86
	EndGlobalSection
	GlobalSection(ProjectConfigurationPlatforms) = postSolution
		{A1007F54-1AFB-439E-AA26-EFD61CF7B43B}.Debug|Any CPU.ActiveCfg = Debug|Any CPU
		{A1007F54-1AFB-439E-AA26-EFD61CF7B43B}.Debug|Any CPU.Build.0 = Debug|Any CPU
		{A1007F54-1AFB-439E-AA26-EFD61CF7B43B}.Debug|ARM.ActiveCfg = Debug|ARM
		{A1007F54-1AFB-439E-AA26-EFD61CF7B43B}.Debug|ARM.Build.0 = Debug|ARM
		{A1007F54-1AFB-439E-AA26-EFD61CF7B43B}.Debug|x86.ActiveCfg = Debug|x86
		{A1007F54-1AFB-439E-AA26-EFD61CF7B43B}.Debug|x86.Build.0 = Debug|x86
		{A1007F54-1AFB-439E-AA26-EFD61CF7B43B}.Release|Any CPU.ActiveCfg = Release|Any CPU
		{A1007F54-1AFB-439E-AA26-EFD61CF7B43B}.Release|Any CPU.Build.0 = Release|Any CPU
		{A1007F54-1AFB-439E-AA26-EFD61CF7B43B}.Release|ARM.ActiveCfg = Release|ARM
		{A1007F54-1AFB-439E-AA26-EFD61CF7B43B}.Release|ARM.Build.0 = Release|ARM
		{A1007F54-1AFB-439E-AA26-EFD61CF7B43B}.Release|x86.ActiveCfg = Release|x86
		{A1007F54-1AFB-439E-AA26-EFD61CF7B43B}.Release|x86.Build.0 = Release|x86
		{1901D1CC-109E-4CE1-8321-52C495637D5F}.Debug|Any CPU.ActiveCfg = Debug|Any CPU
		{1901D1CC-109E-4CE1-8321-52C495637D5F}.Debug|Any CPU.Build.0 = Debug|Any CPU
		{1901D1CC-109E-4CE1-8321-52C495637D5F}.Debug|ARM.ActiveCfg = Debug|ARM
		{1901D1CC-109E-4CE1-8321-52C495637D5F}.Debug|ARM.Build.0 = Debug|ARM
		{1901D1CC-109E-4CE1-8321-52C495637D5F}.Debug|x86.ActiveCfg = Debug|x86
		{1901D1CC-109E-4CE1-8321-52C495637D5F}.Debug|x86.Build.0 = Debug|x86
		{1901D1CC-109E-4CE1-8321-52C495637D5F}.Release|Any CPU.ActiveCfg = Release|Any CPU
		{1901D1CC-109E-4CE1-8321-52C495637D5F}.Release|Any CPU.Build.0 = Release|Any CPU
		{1901D1CC-109E-4CE1-8321-52C495637D5F}.Release|ARM.ActiveCfg = Release|ARM
		{1901D1CC-109E-4CE1-8321-52C495637D5F}.Release|ARM.Build.0 = Release|ARM
		{1901D1CC-109E-4CE1-8321-52C495637D5F}.Release|x86.ActiveCfg = Release|x86
		{1901D1CC-109E-4CE1-8321-52C495637D5F}.Release|x86.Build.0 = Release|x86
		{4AB17A89-E720-46EB-92BB-720F6711EAFF}.Debug|Any CPU.ActiveCfg = Debug|Any CPU
		{4AB17A89-E720-46EB-92BB-720F6711EAFF}.Debug|Any CPU.Build.0 = Debug|Any CPU
		{4AB17A89-E720-46EB-92BB-720F6711EAFF}.Debug|ARM.ActiveCfg = Debug|ARM
		{4AB17A89-E720-46EB-92BB-720F6711EAFF}.Debug|ARM.Build.0 = Debug|ARM
		{4AB17A89-E720-46EB-92BB-720F6711EAFF}.Debug|x86.ActiveCfg = Debug|x86
		{4AB17A89-E720-46EB-92BB-720F6711EAFF}.Debug|x86.Build.0 = Debug|x86
		{4AB17A89-E720-46EB-92BB-720F6711EAFF}.Release|Any CPU.ActiveCfg = Release|Any CPU
		{4AB17A89-E720-46EB-92BB-720F6711EAFF}.Release|Any CPU.Build.0 = Release|Any CPU
		{4AB17A89-E720-46EB-92BB-720F6711EAFF}.Release|ARM.ActiveCfg = Release|ARM
		{4AB17A89-E720-46EB-92BB-720F6711EAFF}.Release|ARM.Build.0 = Release|ARM
		{4AB17A89-E720-46EB-92BB-720F6711EAFF}.Release|x86.ActiveCfg = Release|x86
		{4AB17A89-E720-46EB-92BB-720F6711EAFF}.Release|x86.Build.0 = Release|x86
		{C77A37AE-6202-4FBF-AAEE-791E13064F82}.Debug|Any CPU.ActiveCfg = Debug|Any CPU
		{C77A37AE-6202-4FBF-AAEE-791E13064F82}.Debug|Any CPU.Build.0 = Debug|Any CPU
		{C77A37AE-6202-4FBF-AAEE-791E13064F82}.Debug|ARM.ActiveCfg = Debug|ARM
		{C77A37AE-6202-4FBF-AAEE-791E13064F82}.Debug|ARM.Build.0 = Debug|ARM
		{C77A37AE-6202-4FBF-AAEE-791E13064F82}.Debug|x86.ActiveCfg = Debug|x86
		{C77A37AE-6202-4FBF-AAEE-791E13064F82}.Debug|x86.Build.0 = Debug|x86
		{C77A37AE-6202-4FBF-AAEE-791E13064F82}.Release|Any CPU.ActiveCfg = Release|Any CPU
		{C77A37AE-6202-4FBF-AAEE-791E13064F82}.Release|Any CPU.Build.0 = Release|Any CPU
		{C77A37AE-6202-4FBF-AAEE-791E13064F82}.Release|ARM.ActiveCfg = Release|ARM
		{C77A37AE-6202-4FBF-AAEE-791E13064F82}.Release|ARM.Build.0 = Release|ARM
		{C77A37AE-6202-4FBF-AAEE-791E13064F82}.Release|x86.ActiveCfg = Release|x86
		{C77A37AE-6202-4FBF-AAEE-791E13064F82}.Release|x86.Build.0 = Release|x86
		{768CF62E-7F94-4702-B192-231E860ACD42}.Debug|Any CPU.ActiveCfg = Debug|Any CPU
		{768CF62E-7F94-4702-B192-231E860ACD42}.Debug|Any CPU.Build.0 = Debug|Any CPU
		{768CF62E-7F94-4702-B192-231E860ACD42}.Debug|ARM.ActiveCfg = Debug|ARM
		{768CF62E-7F94-4702-B192-231E860ACD42}.Debug|ARM.Build.0 = Debug|ARM
		{768CF62E-7F94-4702-B192-231E860ACD42}.Debug|x86.ActiveCfg = Debug|x86
		{768CF62E-7F94-4702-B192-231E860ACD42}.Debug|x86.Build.0 = Debug|x86
		{768CF62E-7F94-4702-B192-231E860ACD42}.Release|Any CPU.ActiveCfg = Release|Any CPU
		{768CF62E-7F94-4702-B192-231E860ACD42}.Release|Any CPU.Build.0 = Release|Any CPU
		{768CF62E-7F94-4702-B192-231E860ACD42}.Release|ARM.ActiveCfg = Release|ARM
		{768CF62E-7F94-4702-B192-231E860ACD42}.Release|ARM.Build.0 = Release|ARM
		{768CF62E-7F94-4702-B192-231E860ACD42}.Release|x86.ActiveCfg = Release|x86
		{768CF62E-7F94-4702-B192-231E860ACD42}.Release|x86.Build.0 = Release|x86
	EndGlobalSection
	GlobalSection(SolutionProperties) = preSolution
		HideSolutionNode = FALSE
	EndGlobalSection
EndGlobal
